
Microsoft Visual Studio Solution File, Format Version 12.00
# Visual Studio 14
VisualStudioVersion = 14.0.25420.1
MinimumVisualStudioVersion = 10.0.40219.1
Project("{FAE04EC0-301F-11D3-BF4B-00C04F79EFBC}") = "DemoDataPages", "DemoDataPages\DemoDataPages\DemoDataPages.csproj", "{9D19C585-3D8C-44E6-992F-DD980558CEBC}"
EndProject
Project("{FAE04EC0-301F-11D3-BF4B-00C04F79EFBC}") = "DemoDataPages.Droid", "DemoDataPages\DemoDataPages.Droid\DemoDataPages.Droid.csproj", "{3B0B2A9A-893C-4A01-B200-E91B2C57228A}"
EndProject
Project("{FAE04EC0-301F-11D3-BF4B-00C04F79EFBC}") = "DemoDataPages.iOS", "DemoDataPages\DemoDataPages.iOS\DemoDataPages.iOS.csproj", "{255C0268-817A-4B53-9108-4C15D5A55D9C}"
EndProject
Project("{FAE04EC0-301F-11D3-BF4B-00C04F79EFBC}") = "DemoDataPages.WinPhone", "DemoDataPages\DemoDataPages.WinPhone\DemoDataPages.WinPhone.csproj", "{51FD70B2-34A9-434D-BD74-8CC5A3289D51}"
EndProject
Project("{FAE04EC0-301F-11D3-BF4B-00C04F79EFBC}") = "DemoDataPages.UWP", "DemoDataPages\DemoDataPages.UWP\DemoDataPages.UWP.csproj", "{0199A67C-1DF9-480D-AC9E-DD4D84AE60B7}"
EndProject
Project("{FAE04EC0-301F-11D3-BF4B-00C04F79EFBC}") = "DemoDataPages.Windows", "DemoDataPages\DemoDataPages.Windows\DemoDataPages.Windows.csproj", "{432997AF-B76D-42E4-B801-4B7E3F25E929}"
EndProject
Global
	GlobalSection(SolutionConfigurationPlatforms) = preSolution
		Ad-Hoc|Any CPU = Ad-Hoc|Any CPU
		Ad-Hoc|ARM = Ad-Hoc|ARM
		Ad-Hoc|iPhone = Ad-Hoc|iPhone
		Ad-Hoc|iPhoneSimulator = Ad-Hoc|iPhoneSimulator
		Ad-Hoc|x64 = Ad-Hoc|x64
		Ad-Hoc|x86 = Ad-Hoc|x86
		AppStore|Any CPU = AppStore|Any CPU
		AppStore|ARM = AppStore|ARM
		AppStore|iPhone = AppStore|iPhone
		AppStore|iPhoneSimulator = AppStore|iPhoneSimulator
		AppStore|x64 = AppStore|x64
		AppStore|x86 = AppStore|x86
		Debug|Any CPU = Debug|Any CPU
		Debug|ARM = Debug|ARM
		Debug|iPhone = Debug|iPhone
		Debug|iPhoneSimulator = Debug|iPhoneSimulator
		Debug|x64 = Debug|x64
		Debug|x86 = Debug|x86
		Release|Any CPU = Release|Any CPU
		Release|ARM = Release|ARM
		Release|iPhone = Release|iPhone
		Release|iPhoneSimulator = Release|iPhoneSimulator
		Release|x64 = Release|x64
		Release|x86 = Release|x86
	EndGlobalSection
	GlobalSection(ProjectConfigurationPlatforms) = postSolution
		{9D19C585-3D8C-44E6-992F-DD980558CEBC}.Ad-Hoc|Any CPU.ActiveCfg = Release|Any CPU
		{9D19C585-3D8C-44E6-992F-DD980558CEBC}.Ad-Hoc|Any CPU.Build.0 = Release|Any CPU
		{9D19C585-3D8C-44E6-992F-DD980558CEBC}.Ad-Hoc|ARM.ActiveCfg = Release|Any CPU
		{9D19C585-3D8C-44E6-992F-DD980558CEBC}.Ad-Hoc|ARM.Build.0 = Release|Any CPU
		{9D19C585-3D8C-44E6-992F-DD980558CEBC}.Ad-Hoc|iPhone.ActiveCfg = Release|Any CPU
		{9D19C585-3D8C-44E6-992F-DD980558CEBC}.Ad-Hoc|iPhone.Build.0 = Release|Any CPU
		{9D19C585-3D8C-44E6-992F-DD980558CEBC}.Ad-Hoc|iPhoneSimulator.ActiveCfg = Release|Any CPU
		{9D19C585-3D8C-44E6-992F-DD980558CEBC}.Ad-Hoc|iPhoneSimulator.Build.0 = Release|Any CPU
		{9D19C585-3D8C-44E6-992F-DD980558CEBC}.Ad-Hoc|x64.ActiveCfg = Release|Any CPU
		{9D19C585-3D8C-44E6-992F-DD980558CEBC}.Ad-Hoc|x64.Build.0 = Release|Any CPU
		{9D19C585-3D8C-44E6-992F-DD980558CEBC}.Ad-Hoc|x86.ActiveCfg = Release|Any CPU
		{9D19C585-3D8C-44E6-992F-DD980558CEBC}.Ad-Hoc|x86.Build.0 = Release|Any CPU
		{9D19C585-3D8C-44E6-992F-DD980558CEBC}.AppStore|Any CPU.ActiveCfg = Release|Any CPU
		{9D19C585-3D8C-44E6-992F-DD980558CEBC}.AppStore|Any CPU.Build.0 = Release|Any CPU
		{9D19C585-3D8C-44E6-992F-DD980558CEBC}.AppStore|ARM.ActiveCfg = Release|Any CPU
		{9D19C585-3D8C-44E6-992F-DD980558CEBC}.AppStore|ARM.Build.0 = Release|Any CPU
		{9D19C585-3D8C-44E6-992F-DD980558CEBC}.AppStore|iPhone.ActiveCfg = Release|Any CPU
		{9D19C585-3D8C-44E6-992F-DD980558CEBC}.AppStore|iPhone.Build.0 = Release|Any CPU
		{9D19C585-3D8C-44E6-992F-DD980558CEBC}.AppStore|iPhoneSimulator.ActiveCfg = Release|Any CPU
		{9D19C585-3D8C-44E6-992F-DD980558CEBC}.AppStore|iPhoneSimulator.Build.0 = Release|Any CPU
		{9D19C585-3D8C-44E6-992F-DD980558CEBC}.AppStore|x64.ActiveCfg = Release|Any CPU
		{9D19C585-3D8C-44E6-992F-DD980558CEBC}.AppStore|x64.Build.0 = Release|Any CPU
		{9D19C585-3D8C-44E6-992F-DD980558CEBC}.AppStore|x86.ActiveCfg = Release|Any CPU
		{9D19C585-3D8C-44E6-992F-DD980558CEBC}.AppStore|x86.Build.0 = Release|Any CPU
		{9D19C585-3D8C-44E6-992F-DD980558CEBC}.Debug|Any CPU.ActiveCfg = Debug|Any CPU
		{9D19C585-3D8C-44E6-992F-DD980558CEBC}.Debug|Any CPU.Build.0 = Debug|Any CPU
		{9D19C585-3D8C-44E6-992F-DD980558CEBC}.Debug|ARM.ActiveCfg = Debug|Any CPU
		{9D19C585-3D8C-44E6-992F-DD980558CEBC}.Debug|ARM.Build.0 = Debug|Any CPU
		{9D19C585-3D8C-44E6-992F-DD980558CEBC}.Debug|iPhone.ActiveCfg = Debug|Any CPU
		{9D19C585-3D8C-44E6-992F-DD980558CEBC}.Debug|iPhone.Build.0 = Debug|Any CPU
		{9D19C585-3D8C-44E6-992F-DD980558CEBC}.Debug|iPhoneSimulator.ActiveCfg = Debug|Any CPU
		{9D19C585-3D8C-44E6-992F-DD980558CEBC}.Debug|iPhoneSimulator.Build.0 = Debug|Any CPU
		{9D19C585-3D8C-44E6-992F-DD980558CEBC}.Debug|x64.ActiveCfg = Debug|Any CPU
		{9D19C585-3D8C-44E6-992F-DD980558CEBC}.Debug|x64.Build.0 = Debug|Any CPU
		{9D19C585-3D8C-44E6-992F-DD980558CEBC}.Debug|x86.ActiveCfg = Debug|Any CPU
		{9D19C585-3D8C-44E6-992F-DD980558CEBC}.Debug|x86.Build.0 = Debug|Any CPU
		{9D19C585-3D8C-44E6-992F-DD980558CEBC}.Release|Any CPU.ActiveCfg = Release|Any CPU
		{9D19C585-3D8C-44E6-992F-DD980558CEBC}.Release|Any CPU.Build.0 = Release|Any CPU
		{9D19C585-3D8C-44E6-992F-DD980558CEBC}.Release|ARM.ActiveCfg = Release|Any CPU
		{9D19C585-3D8C-44E6-992F-DD980558CEBC}.Release|ARM.Build.0 = Release|Any CPU
		{9D19C585-3D8C-44E6-992F-DD980558CEBC}.Release|iPhone.ActiveCfg = Release|Any CPU
		{9D19C585-3D8C-44E6-992F-DD980558CEBC}.Release|iPhone.Build.0 = Release|Any CPU
		{9D19C585-3D8C-44E6-992F-DD980558CEBC}.Release|iPhoneSimulator.ActiveCfg = Release|Any CPU
		{9D19C585-3D8C-44E6-992F-DD980558CEBC}.Release|iPhoneSimulator.Build.0 = Release|Any CPU
		{9D19C585-3D8C-44E6-992F-DD980558CEBC}.Release|x64.ActiveCfg = Release|Any CPU
		{9D19C585-3D8C-44E6-992F-DD980558CEBC}.Release|x64.Build.0 = Release|Any CPU
		{9D19C585-3D8C-44E6-992F-DD980558CEBC}.Release|x86.ActiveCfg = Release|Any CPU
		{9D19C585-3D8C-44E6-992F-DD980558CEBC}.Release|x86.Build.0 = Release|Any CPU
		{3B0B2A9A-893C-4A01-B200-E91B2C57228A}.Ad-Hoc|Any CPU.ActiveCfg = Release|Any CPU
		{3B0B2A9A-893C-4A01-B200-E91B2C57228A}.Ad-Hoc|Any CPU.Build.0 = Release|Any CPU
		{3B0B2A9A-893C-4A01-B200-E91B2C57228A}.Ad-Hoc|Any CPU.Deploy.0 = Release|Any CPU
		{3B0B2A9A-893C-4A01-B200-E91B2C57228A}.Ad-Hoc|ARM.ActiveCfg = Release|Any CPU
		{3B0B2A9A-893C-4A01-B200-E91B2C57228A}.Ad-Hoc|ARM.Build.0 = Release|Any CPU
		{3B0B2A9A-893C-4A01-B200-E91B2C57228A}.Ad-Hoc|ARM.Deploy.0 = Release|Any CPU
		{3B0B2A9A-893C-4A01-B200-E91B2C57228A}.Ad-Hoc|iPhone.ActiveCfg = Release|Any CPU
		{3B0B2A9A-893C-4A01-B200-E91B2C57228A}.Ad-Hoc|iPhone.Build.0 = Release|Any CPU
		{3B0B2A9A-893C-4A01-B200-E91B2C57228A}.Ad-Hoc|iPhone.Deploy.0 = Release|Any CPU
		{3B0B2A9A-893C-4A01-B200-E91B2C57228A}.Ad-Hoc|iPhoneSimulator.ActiveCfg = Release|Any CPU
		{3B0B2A9A-893C-4A01-B200-E91B2C57228A}.Ad-Hoc|iPhoneSimulator.Build.0 = Release|Any CPU
		{3B0B2A9A-893C-4A01-B200-E91B2C57228A}.Ad-Hoc|iPhoneSimulator.Deploy.0 = Release|Any CPU
		{3B0B2A9A-893C-4A01-B200-E91B2C57228A}.Ad-Hoc|x64.ActiveCfg = Release|Any CPU
		{3B0B2A9A-893C-4A01-B200-E91B2C57228A}.Ad-Hoc|x64.Build.0 = Release|Any CPU
		{3B0B2A9A-893C-4A01-B200-E91B2C57228A}.Ad-Hoc|x64.Deploy.0 = Release|Any CPU
		{3B0B2A9A-893C-4A01-B200-E91B2C57228A}.Ad-Hoc|x86.ActiveCfg = Release|Any CPU
		{3B0B2A9A-893C-4A01-B200-E91B2C57228A}.Ad-Hoc|x86.Build.0 = Release|Any CPU
		{3B0B2A9A-893C-4A01-B200-E91B2C57228A}.Ad-Hoc|x86.Deploy.0 = Release|Any CPU
		{3B0B2A9A-893C-4A01-B200-E91B2C57228A}.AppStore|Any CPU.ActiveCfg = Release|Any CPU
		{3B0B2A9A-893C-4A01-B200-E91B2C57228A}.AppStore|Any CPU.Build.0 = Release|Any CPU
		{3B0B2A9A-893C-4A01-B200-E91B2C57228A}.AppStore|Any CPU.Deploy.0 = Release|Any CPU
		{3B0B2A9A-893C-4A01-B200-E91B2C57228A}.AppStore|ARM.ActiveCfg = Release|Any CPU
		{3B0B2A9A-893C-4A01-B200-E91B2C57228A}.AppStore|ARM.Build.0 = Release|Any CPU
		{3B0B2A9A-893C-4A01-B200-E91B2C57228A}.AppStore|ARM.Deploy.0 = Release|Any CPU
		{3B0B2A9A-893C-4A01-B200-E91B2C57228A}.AppStore|iPhone.ActiveCfg = Release|Any CPU
		{3B0B2A9A-893C-4A01-B200-E91B2C57228A}.AppStore|iPhone.Build.0 = Release|Any CPU
		{3B0B2A9A-893C-4A01-B200-E91B2C57228A}.AppStore|iPhone.Deploy.0 = Release|Any CPU
		{3B0B2A9A-893C-4A01-B200-E91B2C57228A}.AppStore|iPhoneSimulator.ActiveCfg = Release|Any CPU
		{3B0B2A9A-893C-4A01-B200-E91B2C57228A}.AppStore|iPhoneSimulator.Build.0 = Release|Any CPU
		{3B0B2A9A-893C-4A01-B200-E91B2C57228A}.AppStore|iPhoneSimulator.Deploy.0 = Release|Any CPU
		{3B0B2A9A-893C-4A01-B200-E91B2C57228A}.AppStore|x64.ActiveCfg = Release|Any CPU
		{3B0B2A9A-893C-4A01-B200-E91B2C57228A}.AppStore|x64.Build.0 = Release|Any CPU
		{3B0B2A9A-893C-4A01-B200-E91B2C57228A}.AppStore|x64.Deploy.0 = Release|Any CPU
		{3B0B2A9A-893C-4A01-B200-E91B2C57228A}.AppStore|x86.ActiveCfg = Release|Any CPU
		{3B0B2A9A-893C-4A01-B200-E91B2C57228A}.AppStore|x86.Build.0 = Release|Any CPU
		{3B0B2A9A-893C-4A01-B200-E91B2C57228A}.AppStore|x86.Deploy.0 = Release|Any CPU
		{3B0B2A9A-893C-4A01-B200-E91B2C57228A}.Debug|Any CPU.ActiveCfg = Debug|Any CPU
		{3B0B2A9A-893C-4A01-B200-E91B2C57228A}.Debug|Any CPU.Build.0 = Debug|Any CPU
		{3B0B2A9A-893C-4A01-B200-E91B2C57228A}.Debug|Any CPU.Deploy.0 = Debug|Any CPU
		{3B0B2A9A-893C-4A01-B200-E91B2C57228A}.Debug|ARM.ActiveCfg = Debug|Any CPU
		{3B0B2A9A-893C-4A01-B200-E91B2C57228A}.Debug|ARM.Build.0 = Debug|Any CPU
		{3B0B2A9A-893C-4A01-B200-E91B2C57228A}.Debug|ARM.Deploy.0 = Debug|Any CPU
		{3B0B2A9A-893C-4A01-B200-E91B2C57228A}.Debug|iPhone.ActiveCfg = Debug|Any CPU
		{3B0B2A9A-893C-4A01-B200-E91B2C57228A}.Debug|iPhone.Build.0 = Debug|Any CPU
		{3B0B2A9A-893C-4A01-B200-E91B2C57228A}.Debug|iPhone.Deploy.0 = Debug|Any CPU
		{3B0B2A9A-893C-4A01-B200-E91B2C57228A}.Debug|iPhoneSimulator.ActiveCfg = Debug|Any CPU
		{3B0B2A9A-893C-4A01-B200-E91B2C57228A}.Debug|iPhoneSimulator.Build.0 = Debug|Any CPU
		{3B0B2A9A-893C-4A01-B200-E91B2C57228A}.Debug|iPhoneSimulator.Deploy.0 = Debug|Any CPU
		{3B0B2A9A-893C-4A01-B200-E91B2C57228A}.Debug|x64.ActiveCfg = Debug|Any CPU
		{3B0B2A9A-893C-4A01-B200-E91B2C57228A}.Debug|x64.Build.0 = Debug|Any CPU
		{3B0B2A9A-893C-4A01-B200-E91B2C57228A}.Debug|x64.Deploy.0 = Debug|Any CPU
		{3B0B2A9A-893C-4A01-B200-E91B2C57228A}.Debug|x86.ActiveCfg = Debug|Any CPU
		{3B0B2A9A-893C-4A01-B200-E91B2C57228A}.Debug|x86.Build.0 = Debug|Any CPU
		{3B0B2A9A-893C-4A01-B200-E91B2C57228A}.Debug|x86.Deploy.0 = Debug|Any CPU
		{3B0B2A9A-893C-4A01-B200-E91B2C57228A}.Release|Any CPU.ActiveCfg = Release|Any CPU
		{3B0B2A9A-893C-4A01-B200-E91B2C57228A}.Release|Any CPU.Build.0 = Release|Any CPU
		{3B0B2A9A-893C-4A01-B200-E91B2C57228A}.Release|Any CPU.Deploy.0 = Release|Any CPU
		{3B0B2A9A-893C-4A01-B200-E91B2C57228A}.Release|ARM.ActiveCfg = Release|Any CPU
		{3B0B2A9A-893C-4A01-B200-E91B2C57228A}.Release|ARM.Build.0 = Release|Any CPU
		{3B0B2A9A-893C-4A01-B200-E91B2C57228A}.Release|ARM.Deploy.0 = Release|Any CPU
		{3B0B2A9A-893C-4A01-B200-E91B2C57228A}.Release|iPhone.ActiveCfg = Release|Any CPU
		{3B0B2A9A-893C-4A01-B200-E91B2C57228A}.Release|iPhone.Build.0 = Release|Any CPU
		{3B0B2A9A-893C-4A01-B200-E91B2C57228A}.Release|iPhone.Deploy.0 = Release|Any CPU
		{3B0B2A9A-893C-4A01-B200-E91B2C57228A}.Release|iPhoneSimulator.ActiveCfg = Release|Any CPU
		{3B0B2A9A-893C-4A01-B200-E91B2C57228A}.Release|iPhoneSimulator.Build.0 = Release|Any CPU
		{3B0B2A9A-893C-4A01-B200-E91B2C57228A}.Release|iPhoneSimulator.Deploy.0 = Release|Any CPU
		{3B0B2A9A-893C-4A01-B200-E91B2C57228A}.Release|x64.ActiveCfg = Release|Any CPU
		{3B0B2A9A-893C-4A01-B200-E91B2C57228A}.Release|x64.Build.0 = Release|Any CPU
		{3B0B2A9A-893C-4A01-B200-E91B2C57228A}.Release|x64.Deploy.0 = Release|Any CPU
		{3B0B2A9A-893C-4A01-B200-E91B2C57228A}.Release|x86.ActiveCfg = Release|Any CPU
		{3B0B2A9A-893C-4A01-B200-E91B2C57228A}.Release|x86.Build.0 = Release|Any CPU
		{3B0B2A9A-893C-4A01-B200-E91B2C57228A}.Release|x86.Deploy.0 = Release|Any CPU
		{255C0268-817A-4B53-9108-4C15D5A55D9C}.Ad-Hoc|Any CPU.ActiveCfg = Ad-Hoc|iPhone
		{255C0268-817A-4B53-9108-4C15D5A55D9C}.Ad-Hoc|ARM.ActiveCfg = Ad-Hoc|iPhone
		{255C0268-817A-4B53-9108-4C15D5A55D9C}.Ad-Hoc|iPhone.ActiveCfg = Ad-Hoc|iPhone
		{255C0268-817A-4B53-9108-4C15D5A55D9C}.Ad-Hoc|iPhone.Build.0 = Ad-Hoc|iPhone
		{255C0268-817A-4B53-9108-4C15D5A55D9C}.Ad-Hoc|iPhoneSimulator.ActiveCfg = Ad-Hoc|iPhoneSimulator
		{255C0268-817A-4B53-9108-4C15D5A55D9C}.Ad-Hoc|iPhoneSimulator.Build.0 = Ad-Hoc|iPhoneSimulator
		{255C0268-817A-4B53-9108-4C15D5A55D9C}.Ad-Hoc|x64.ActiveCfg = Ad-Hoc|iPhone
		{255C0268-817A-4B53-9108-4C15D5A55D9C}.Ad-Hoc|x86.ActiveCfg = Ad-Hoc|iPhone
		{255C0268-817A-4B53-9108-4C15D5A55D9C}.AppStore|Any CPU.ActiveCfg = AppStore|iPhone
		{255C0268-817A-4B53-9108-4C15D5A55D9C}.AppStore|ARM.ActiveCfg = AppStore|iPhone
		{255C0268-817A-4B53-9108-4C15D5A55D9C}.AppStore|iPhone.ActiveCfg = AppStore|iPhone
		{255C0268-817A-4B53-9108-4C15D5A55D9C}.AppStore|iPhone.Build.0 = AppStore|iPhone
		{255C0268-817A-4B53-9108-4C15D5A55D9C}.AppStore|iPhoneSimulator.ActiveCfg = AppStore|iPhoneSimulator
		{255C0268-817A-4B53-9108-4C15D5A55D9C}.AppStore|iPhoneSimulator.Build.0 = AppStore|iPhoneSimulator
		{255C0268-817A-4B53-9108-4C15D5A55D9C}.AppStore|x64.ActiveCfg = AppStore|iPhone
		{255C0268-817A-4B53-9108-4C15D5A55D9C}.AppStore|x86.ActiveCfg = AppStore|iPhone
		{255C0268-817A-4B53-9108-4C15D5A55D9C}.Debug|Any CPU.ActiveCfg = Debug|iPhone
		{255C0268-817A-4B53-9108-4C15D5A55D9C}.Debug|ARM.ActiveCfg = Debug|iPhone
		{255C0268-817A-4B53-9108-4C15D5A55D9C}.Debug|iPhone.ActiveCfg = Debug|iPhone
		{255C0268-817A-4B53-9108-4C15D5A55D9C}.Debug|iPhone.Build.0 = Debug|iPhone
		{255C0268-817A-4B53-9108-4C15D5A55D9C}.Debug|iPhoneSimulator.ActiveCfg = Debug|iPhoneSimulator
		{255C0268-817A-4B53-9108-4C15D5A55D9C}.Debug|iPhoneSimulator.Build.0 = Debug|iPhoneSimulator
		{255C0268-817A-4B53-9108-4C15D5A55D9C}.Debug|x64.ActiveCfg = Debug|iPhone
		{255C0268-817A-4B53-9108-4C15D5A55D9C}.Debug|x86.ActiveCfg = Debug|iPhone
		{255C0268-817A-4B53-9108-4C15D5A55D9C}.Release|Any CPU.ActiveCfg = Release|iPhone
		{255C0268-817A-4B53-9108-4C15D5A55D9C}.Release|ARM.ActiveCfg = Release|iPhone
		{255C0268-817A-4B53-9108-4C15D5A55D9C}.Release|iPhone.ActiveCfg = Release|iPhone
		{255C0268-817A-4B53-9108-4C15D5A55D9C}.Release|iPhone.Build.0 = Release|iPhone
		{255C0268-817A-4B53-9108-4C15D5A55D9C}.Release|iPhoneSimulator.ActiveCfg = Release|iPhoneSimulator
		{255C0268-817A-4B53-9108-4C15D5A55D9C}.Release|iPhoneSimulator.Build.0 = Release|iPhoneSimulator
		{255C0268-817A-4B53-9108-4C15D5A55D9C}.Release|x64.ActiveCfg = Release|iPhone
		{255C0268-817A-4B53-9108-4C15D5A55D9C}.Release|x86.ActiveCfg = Release|iPhone
		{51FD70B2-34A9-434D-BD74-8CC5A3289D51}.Ad-Hoc|Any CPU.ActiveCfg = Release|Any CPU
		{51FD70B2-34A9-434D-BD74-8CC5A3289D51}.Ad-Hoc|Any CPU.Build.0 = Release|Any CPU
		{51FD70B2-34A9-434D-BD74-8CC5A3289D51}.Ad-Hoc|Any CPU.Deploy.0 = Release|Any CPU
		{51FD70B2-34A9-434D-BD74-8CC5A3289D51}.Ad-Hoc|ARM.ActiveCfg = Release|ARM
		{51FD70B2-34A9-434D-BD74-8CC5A3289D51}.Ad-Hoc|ARM.Build.0 = Release|ARM
		{51FD70B2-34A9-434D-BD74-8CC5A3289D51}.Ad-Hoc|ARM.Deploy.0 = Release|ARM
		{51FD70B2-34A9-434D-BD74-8CC5A3289D51}.Ad-Hoc|iPhone.ActiveCfg = Release|Any CPU
		{51FD70B2-34A9-434D-BD74-8CC5A3289D51}.Ad-Hoc|iPhone.Build.0 = Release|Any CPU
		{51FD70B2-34A9-434D-BD74-8CC5A3289D51}.Ad-Hoc|iPhone.Deploy.0 = Release|Any CPU
		{51FD70B2-34A9-434D-BD74-8CC5A3289D51}.Ad-Hoc|iPhoneSimulator.ActiveCfg = Release|Any CPU
		{51FD70B2-34A9-434D-BD74-8CC5A3289D51}.Ad-Hoc|iPhoneSimulator.Build.0 = Release|Any CPU
		{51FD70B2-34A9-434D-BD74-8CC5A3289D51}.Ad-Hoc|iPhoneSimulator.Deploy.0 = Release|Any CPU
		{51FD70B2-34A9-434D-BD74-8CC5A3289D51}.Ad-Hoc|x64.ActiveCfg = Release|Any CPU
		{51FD70B2-34A9-434D-BD74-8CC5A3289D51}.Ad-Hoc|x64.Build.0 = Release|Any CPU
		{51FD70B2-34A9-434D-BD74-8CC5A3289D51}.Ad-Hoc|x64.Deploy.0 = Release|Any CPU
		{51FD70B2-34A9-434D-BD74-8CC5A3289D51}.Ad-Hoc|x86.ActiveCfg = Release|x86
		{51FD70B2-34A9-434D-BD74-8CC5A3289D51}.Ad-Hoc|x86.Build.0 = Release|x86
		{51FD70B2-34A9-434D-BD74-8CC5A3289D51}.Ad-Hoc|x86.Deploy.0 = Release|x86
		{51FD70B2-34A9-434D-BD74-8CC5A3289D51}.AppStore|Any CPU.ActiveCfg = Release|Any CPU
		{51FD70B2-34A9-434D-BD74-8CC5A3289D51}.AppStore|Any CPU.Build.0 = Release|Any CPU
		{51FD70B2-34A9-434D-BD74-8CC5A3289D51}.AppStore|Any CPU.Deploy.0 = Release|Any CPU
		{51FD70B2-34A9-434D-BD74-8CC5A3289D51}.AppStore|ARM.ActiveCfg = Release|ARM
		{51FD70B2-34A9-434D-BD74-8CC5A3289D51}.AppStore|ARM.Build.0 = Release|ARM
		{51FD70B2-34A9-434D-BD74-8CC5A3289D51}.AppStore|ARM.Deploy.0 = Release|ARM
		{51FD70B2-34A9-434D-BD74-8CC5A3289D51}.AppStore|iPhone.ActiveCfg = Release|Any CPU
		{51FD70B2-34A9-434D-BD74-8CC5A3289D51}.AppStore|iPhone.Build.0 = Release|Any CPU
		{51FD70B2-34A9-434D-BD74-8CC5A3289D51}.AppStore|iPhone.Deploy.0 = Release|Any CPU
		{51FD70B2-34A9-434D-BD74-8CC5A3289D51}.AppStore|iPhoneSimulator.ActiveCfg = Release|Any CPU
		{51FD70B2-34A9-434D-BD74-8CC5A3289D51}.AppStore|iPhoneSimulator.Build.0 = Release|Any CPU
		{51FD70B2-34A9-434D-BD74-8CC5A3289D51}.AppStore|iPhoneSimulator.Deploy.0 = Release|Any CPU
		{51FD70B2-34A9-434D-BD74-8CC5A3289D51}.AppStore|x64.ActiveCfg = Release|Any CPU
		{51FD70B2-34A9-434D-BD74-8CC5A3289D51}.AppStore|x64.Build.0 = Release|Any CPU
		{51FD70B2-34A9-434D-BD74-8CC5A3289D51}.AppStore|x64.Deploy.0 = Release|Any CPU
		{51FD70B2-34A9-434D-BD74-8CC5A3289D51}.AppStore|x86.ActiveCfg = Release|x86
		{51FD70B2-34A9-434D-BD74-8CC5A3289D51}.AppStore|x86.Build.0 = Release|x86
		{51FD70B2-34A9-434D-BD74-8CC5A3289D51}.AppStore|x86.Deploy.0 = Release|x86
		{51FD70B2-34A9-434D-BD74-8CC5A3289D51}.Debug|Any CPU.ActiveCfg = Debug|Any CPU
		{51FD70B2-34A9-434D-BD74-8CC5A3289D51}.Debug|Any CPU.Build.0 = Debug|Any CPU
		{51FD70B2-34A9-434D-BD74-8CC5A3289D51}.Debug|Any CPU.Deploy.0 = Debug|Any CPU
		{51FD70B2-34A9-434D-BD74-8CC5A3289D51}.Debug|ARM.ActiveCfg = Debug|ARM
		{51FD70B2-34A9-434D-BD74-8CC5A3289D51}.Debug|ARM.Build.0 = Debug|ARM
		{51FD70B2-34A9-434D-BD74-8CC5A3289D51}.Debug|ARM.Deploy.0 = Debug|ARM
		{51FD70B2-34A9-434D-BD74-8CC5A3289D51}.Debug|iPhone.ActiveCfg = Debug|Any CPU
		{51FD70B2-34A9-434D-BD74-8CC5A3289D51}.Debug|iPhone.Build.0 = Debug|Any CPU
		{51FD70B2-34A9-434D-BD74-8CC5A3289D51}.Debug|iPhone.Deploy.0 = Debug|Any CPU
		{51FD70B2-34A9-434D-BD74-8CC5A3289D51}.Debug|iPhoneSimulator.ActiveCfg = Debug|Any CPU
		{51FD70B2-34A9-434D-BD74-8CC5A3289D51}.Debug|iPhoneSimulator.Build.0 = Debug|Any CPU
		{51FD70B2-34A9-434D-BD74-8CC5A3289D51}.Debug|iPhoneSimulator.Deploy.0 = Debug|Any CPU
		{51FD70B2-34A9-434D-BD74-8CC5A3289D51}.Debug|x64.ActiveCfg = Debug|Any CPU
		{51FD70B2-34A9-434D-BD74-8CC5A3289D51}.Debug|x64.Build.0 = Debug|Any CPU
		{51FD70B2-34A9-434D-BD74-8CC5A3289D51}.Debug|x64.Deploy.0 = Debug|Any CPU
		{51FD70B2-34A9-434D-BD74-8CC5A3289D51}.Debug|x86.ActiveCfg = Debug|x86
		{51FD70B2-34A9-434D-BD74-8CC5A3289D51}.Debug|x86.Build.0 = Debug|x86
		{51FD70B2-34A9-434D-BD74-8CC5A3289D51}.Debug|x86.Deploy.0 = Debug|x86
		{51FD70B2-34A9-434D-BD74-8CC5A3289D51}.Release|Any CPU.ActiveCfg = Release|Any CPU
		{51FD70B2-34A9-434D-BD74-8CC5A3289D51}.Release|Any CPU.Build.0 = Release|Any CPU
		{51FD70B2-34A9-434D-BD74-8CC5A3289D51}.Release|Any CPU.Deploy.0 = Release|Any CPU
		{51FD70B2-34A9-434D-BD74-8CC5A3289D51}.Release|ARM.ActiveCfg = Release|ARM
		{51FD70B2-34A9-434D-BD74-8CC5A3289D51}.Release|ARM.Build.0 = Release|ARM
		{51FD70B2-34A9-434D-BD74-8CC5A3289D51}.Release|ARM.Deploy.0 = Release|ARM
		{51FD70B2-34A9-434D-BD74-8CC5A3289D51}.Release|iPhone.ActiveCfg = Release|Any CPU
		{51FD70B2-34A9-434D-BD74-8CC5A3289D51}.Release|iPhone.Build.0 = Release|Any CPU
		{51FD70B2-34A9-434D-BD74-8CC5A3289D51}.Release|iPhone.Deploy.0 = Release|Any CPU
		{51FD70B2-34A9-434D-BD74-8CC5A3289D51}.Release|iPhoneSimulator.ActiveCfg = Release|Any CPU
		{51FD70B2-34A9-434D-BD74-8CC5A3289D51}.Release|iPhoneSimulator.Build.0 = Release|Any CPU
		{51FD70B2-34A9-434D-BD74-8CC5A3289D51}.Release|iPhoneSimulator.Deploy.0 = Release|Any CPU
		{51FD70B2-34A9-434D-BD74-8CC5A3289D51}.Release|x64.ActiveCfg = Release|Any CPU
		{51FD70B2-34A9-434D-BD74-8CC5A3289D51}.Release|x64.Build.0 = Release|Any CPU
		{51FD70B2-34A9-434D-BD74-8CC5A3289D51}.Release|x64.Deploy.0 = Release|Any CPU
		{51FD70B2-34A9-434D-BD74-8CC5A3289D51}.Release|x86.ActiveCfg = Release|x86
		{51FD70B2-34A9-434D-BD74-8CC5A3289D51}.Release|x86.Build.0 = Release|x86
		{51FD70B2-34A9-434D-BD74-8CC5A3289D51}.Release|x86.Deploy.0 = Release|x86
		{0199A67C-1DF9-480D-AC9E-DD4D84AE60B7}.Ad-Hoc|Any CPU.ActiveCfg = Release|x86
		{0199A67C-1DF9-480D-AC9E-DD4D84AE60B7}.Ad-Hoc|Any CPU.Build.0 = Release|x86
		{0199A67C-1DF9-480D-AC9E-DD4D84AE60B7}.Ad-Hoc|Any CPU.Deploy.0 = Release|x86
		{0199A67C-1DF9-480D-AC9E-DD4D84AE60B7}.Ad-Hoc|ARM.ActiveCfg = Release|ARM
		{0199A67C-1DF9-480D-AC9E-DD4D84AE60B7}.Ad-Hoc|ARM.Build.0 = Release|ARM
		{0199A67C-1DF9-480D-AC9E-DD4D84AE60B7}.Ad-Hoc|ARM.Deploy.0 = Release|ARM
		{0199A67C-1DF9-480D-AC9E-DD4D84AE60B7}.Ad-Hoc|iPhone.ActiveCfg = Release|x86
		{0199A67C-1DF9-480D-AC9E-DD4D84AE60B7}.Ad-Hoc|iPhone.Build.0 = Release|x86
		{0199A67C-1DF9-480D-AC9E-DD4D84AE60B7}.Ad-Hoc|iPhone.Deploy.0 = Release|x86
		{0199A67C-1DF9-480D-AC9E-DD4D84AE60B7}.Ad-Hoc|iPhoneSimulator.ActiveCfg = Release|x86
		{0199A67C-1DF9-480D-AC9E-DD4D84AE60B7}.Ad-Hoc|iPhoneSimulator.Build.0 = Release|x86
		{0199A67C-1DF9-480D-AC9E-DD4D84AE60B7}.Ad-Hoc|iPhoneSimulator.Deploy.0 = Release|x86
		{0199A67C-1DF9-480D-AC9E-DD4D84AE60B7}.Ad-Hoc|x64.ActiveCfg = Release|x64
		{0199A67C-1DF9-480D-AC9E-DD4D84AE60B7}.Ad-Hoc|x64.Build.0 = Release|x64
		{0199A67C-1DF9-480D-AC9E-DD4D84AE60B7}.Ad-Hoc|x64.Deploy.0 = Release|x64
		{0199A67C-1DF9-480D-AC9E-DD4D84AE60B7}.Ad-Hoc|x86.ActiveCfg = Release|x86
		{0199A67C-1DF9-480D-AC9E-DD4D84AE60B7}.Ad-Hoc|x86.Build.0 = Release|x86
		{0199A67C-1DF9-480D-AC9E-DD4D84AE60B7}.Ad-Hoc|x86.Deploy.0 = Release|x86
		{0199A67C-1DF9-480D-AC9E-DD4D84AE60B7}.AppStore|Any CPU.ActiveCfg = Release|x86
		{0199A67C-1DF9-480D-AC9E-DD4D84AE60B7}.AppStore|Any CPU.Build.0 = Release|x86
		{0199A67C-1DF9-480D-AC9E-DD4D84AE60B7}.AppStore|Any CPU.Deploy.0 = Release|x86
		{0199A67C-1DF9-480D-AC9E-DD4D84AE60B7}.AppStore|ARM.ActiveCfg = Release|ARM
		{0199A67C-1DF9-480D-AC9E-DD4D84AE60B7}.AppStore|ARM.Build.0 = Release|ARM
		{0199A67C-1DF9-480D-AC9E-DD4D84AE60B7}.AppStore|ARM.Deploy.0 = Release|ARM
		{0199A67C-1DF9-480D-AC9E-DD4D84AE60B7}.AppStore|iPhone.ActiveCfg = Release|x86
		{0199A67C-1DF9-480D-AC9E-DD4D84AE60B7}.AppStore|iPhone.Build.0 = Release|x86
		{0199A67C-1DF9-480D-AC9E-DD4D84AE60B7}.AppStore|iPhone.Deploy.0 = Release|x86
		{0199A67C-1DF9-480D-AC9E-DD4D84AE60B7}.AppStore|iPhoneSimulator.ActiveCfg = Release|x86
		{0199A67C-1DF9-480D-AC9E-DD4D84AE60B7}.AppStore|iPhoneSimulator.Build.0 = Release|x86
		{0199A67C-1DF9-480D-AC9E-DD4D84AE60B7}.AppStore|iPhoneSimulator.Deploy.0 = Release|x86
		{0199A67C-1DF9-480D-AC9E-DD4D84AE60B7}.AppStore|x64.ActiveCfg = Release|x64
		{0199A67C-1DF9-480D-AC9E-DD4D84AE60B7}.AppStore|x64.Build.0 = Release|x64
		{0199A67C-1DF9-480D-AC9E-DD4D84AE60B7}.AppStore|x64.Deploy.0 = Release|x64
		{0199A67C-1DF9-480D-AC9E-DD4D84AE60B7}.AppStore|x86.ActiveCfg = Release|x86
		{0199A67C-1DF9-480D-AC9E-DD4D84AE60B7}.AppStore|x86.Build.0 = Release|x86
		{0199A67C-1DF9-480D-AC9E-DD4D84AE60B7}.AppStore|x86.Deploy.0 = Release|x86
		{0199A67C-1DF9-480D-AC9E-DD4D84AE60B7}.Debug|Any CPU.ActiveCfg = Debug|x86
		{0199A67C-1DF9-480D-AC9E-DD4D84AE60B7}.Debug|ARM.ActiveCfg = Debug|ARM
		{0199A67C-1DF9-480D-AC9E-DD4D84AE60B7}.Debug|ARM.Build.0 = Debug|ARM
		{0199A67C-1DF9-480D-AC9E-DD4D84AE60B7}.Debug|ARM.Deploy.0 = Debug|ARM
		{0199A67C-1DF9-480D-AC9E-DD4D84AE60B7}.Debug|iPhone.ActiveCfg = Debug|x86
		{0199A67C-1DF9-480D-AC9E-DD4D84AE60B7}.Debug|iPhoneSimulator.ActiveCfg = Debug|x86
		{0199A67C-1DF9-480D-AC9E-DD4D84AE60B7}.Debug|x64.ActiveCfg = Debug|x64
		{0199A67C-1DF9-480D-AC9E-DD4D84AE60B7}.Debug|x64.Build.0 = Debug|x64
		{0199A67C-1DF9-480D-AC9E-DD4D84AE60B7}.Debug|x64.Deploy.0 = Debug|x64
		{0199A67C-1DF9-480D-AC9E-DD4D84AE60B7}.Debug|x86.ActiveCfg = Debug|x86
		{0199A67C-1DF9-480D-AC9E-DD4D84AE60B7}.Debug|x86.Build.0 = Debug|x86
		{0199A67C-1DF9-480D-AC9E-DD4D84AE60B7}.Debug|x86.Deploy.0 = Debug|x86
		{0199A67C-1DF9-480D-AC9E-DD4D84AE60B7}.Release|Any CPU.ActiveCfg = Release|x86
		{0199A67C-1DF9-480D-AC9E-DD4D84AE60B7}.Release|ARM.ActiveCfg = Release|ARM
		{0199A67C-1DF9-480D-AC9E-DD4D84AE60B7}.Release|ARM.Build.0 = Release|ARM
		{0199A67C-1DF9-480D-AC9E-DD4D84AE60B7}.Release|ARM.Deploy.0 = Release|ARM
		{0199A67C-1DF9-480D-AC9E-DD4D84AE60B7}.Release|iPhone.ActiveCfg = Release|x86
		{0199A67C-1DF9-480D-AC9E-DD4D84AE60B7}.Release|iPhoneSimulator.ActiveCfg = Release|x86
		{0199A67C-1DF9-480D-AC9E-DD4D84AE60B7}.Release|x64.ActiveCfg = Release|x64
		{0199A67C-1DF9-480D-AC9E-DD4D84AE60B7}.Release|x64.Build.0 = Release|x64
		{0199A67C-1DF9-480D-AC9E-DD4D84AE60B7}.Release|x64.Deploy.0 = Release|x64
		{0199A67C-1DF9-480D-AC9E-DD4D84AE60B7}.Release|x86.ActiveCfg = Release|x86
		{0199A67C-1DF9-480D-AC9E-DD4D84AE60B7}.Release|x86.Build.0 = Release|x86
		{0199A67C-1DF9-480D-AC9E-DD4D84AE60B7}.Release|x86.Deploy.0 = Release|x86
		{432997AF-B76D-42E4-B801-4B7E3F25E929}.Ad-Hoc|Any CPU.ActiveCfg = Release|Any CPU
		{432997AF-B76D-42E4-B801-4B7E3F25E929}.Ad-Hoc|Any CPU.Build.0 = Release|Any CPU
		{432997AF-B76D-42E4-B801-4B7E3F25E929}.Ad-Hoc|Any CPU.Deploy.0 = Release|Any CPU
		{432997AF-B76D-42E4-B801-4B7E3F25E929}.Ad-Hoc|ARM.ActiveCfg = Release|ARM
		{432997AF-B76D-42E4-B801-4B7E3F25E929}.Ad-Hoc|ARM.Build.0 = Release|ARM
		{432997AF-B76D-42E4-B801-4B7E3F25E929}.Ad-Hoc|ARM.Deploy.0 = Release|ARM
		{432997AF-B76D-42E4-B801-4B7E3F25E929}.Ad-Hoc|iPhone.ActiveCfg = Release|Any CPU
		{432997AF-B76D-42E4-B801-4B7E3F25E929}.Ad-Hoc|iPhone.Build.0 = Release|Any CPU
		{432997AF-B76D-42E4-B801-4B7E3F25E929}.Ad-Hoc|iPhone.Deploy.0 = Release|Any CPU
		{432997AF-B76D-42E4-B801-4B7E3F25E929}.Ad-Hoc|iPhoneSimulator.ActiveCfg = Release|Any CPU
		{432997AF-B76D-42E4-B801-4B7E3F25E929}.Ad-Hoc|iPhoneSimulator.Build.0 = Release|Any CPU
		{432997AF-B76D-42E4-B801-4B7E3F25E929}.Ad-Hoc|iPhoneSimulator.Deploy.0 = Release|Any CPU
		{432997AF-B76D-42E4-B801-4B7E3F25E929}.Ad-Hoc|x64.ActiveCfg = Release|x64
		{432997AF-B76D-42E4-B801-4B7E3F25E929}.Ad-Hoc|x64.Build.0 = Release|x64
		{432997AF-B76D-42E4-B801-4B7E3F25E929}.Ad-Hoc|x64.Deploy.0 = Release|x64
		{432997AF-B76D-42E4-B801-4B7E3F25E929}.Ad-Hoc|x86.ActiveCfg = Release|x86
		{432997AF-B76D-42E4-B801-4B7E3F25E929}.Ad-Hoc|x86.Build.0 = Release|x86
		{432997AF-B76D-42E4-B801-4B7E3F25E929}.Ad-Hoc|x86.Deploy.0 = Release|x86
		{432997AF-B76D-42E4-B801-4B7E3F25E929}.AppStore|Any CPU.ActiveCfg = Release|Any CPU
		{432997AF-B76D-42E4-B801-4B7E3F25E929}.AppStore|Any CPU.Build.0 = Release|Any CPU
		{432997AF-B76D-42E4-B801-4B7E3F25E929}.AppStore|Any CPU.Deploy.0 = Release|Any CPU
		{432997AF-B76D-42E4-B801-4B7E3F25E929}.AppStore|ARM.ActiveCfg = Release|ARM
		{432997AF-B76D-42E4-B801-4B7E3F25E929}.AppStore|ARM.Build.0 = Release|ARM
		{432997AF-B76D-42E4-B801-4B7E3F25E929}.AppStore|ARM.Deploy.0 = Release|ARM
		{432997AF-B76D-42E4-B801-4B7E3F25E929}.AppStore|iPhone.ActiveCfg = Release|Any CPU
		{432997AF-B76D-42E4-B801-4B7E3F25E929}.AppStore|iPhone.Build.0 = Release|Any CPU
		{432997AF-B76D-42E4-B801-4B7E3F25E929}.AppStore|iPhone.Deploy.0 = Release|Any CPU
		{432997AF-B76D-42E4-B801-4B7E3F25E929}.AppStore|iPhoneSimulator.ActiveCfg = Release|Any CPU
		{432997AF-B76D-42E4-B801-4B7E3F25E929}.AppStore|iPhoneSimulator.Build.0 = Release|Any CPU
		{432997AF-B76D-42E4-B801-4B7E3F25E929}.AppStore|iPhoneSimulator.Deploy.0 = Release|Any CPU
		{432997AF-B76D-42E4-B801-4B7E3F25E929}.AppStore|x64.ActiveCfg = Release|x64
		{432997AF-B76D-42E4-B801-4B7E3F25E929}.AppStore|x64.Build.0 = Release|x64
		{432997AF-B76D-42E4-B801-4B7E3F25E929}.AppStore|x64.Deploy.0 = Release|x64
		{432997AF-B76D-42E4-B801-4B7E3F25E929}.AppStore|x86.ActiveCfg = Release|x86
		{432997AF-B76D-42E4-B801-4B7E3F25E929}.AppStore|x86.Build.0 = Release|x86
		{432997AF-B76D-42E4-B801-4B7E3F25E929}.AppStore|x86.Deploy.0 = Release|x86
		{432997AF-B76D-42E4-B801-4B7E3F25E929}.Debug|Any CPU.ActiveCfg = Debug|Any CPU
		{432997AF-B76D-42E4-B801-4B7E3F25E929}.Debug|Any CPU.Build.0 = Debug|Any CPU
		{432997AF-B76D-42E4-B801-4B7E3F25E929}.Debug|Any CPU.Deploy.0 = Debug|Any CPU
		{432997AF-B76D-42E4-B801-4B7E3F25E929}.Debug|ARM.ActiveCfg = Debug|ARM
		{432997AF-B76D-42E4-B801-4B7E3F25E929}.Debug|ARM.Build.0 = Debug|ARM
		{432997AF-B76D-42E4-B801-4B7E3F25E929}.Debug|ARM.Deploy.0 = Debug|ARM
		{432997AF-B76D-42E4-B801-4B7E3F25E929}.Debug|iPhone.ActiveCfg = Debug|Any CPU
		{432997AF-B76D-42E4-B801-4B7E3F25E929}.Debug|iPhone.Build.0 = Debug|Any CPU
		{432997AF-B76D-42E4-B801-4B7E3F25E929}.Debug|iPhone.Deploy.0 = Debug|Any CPU
		{432997AF-B76D-42E4-B801-4B7E3F25E929}.Debug|iPhoneSimulator.ActiveCfg = Debug|Any CPU
		{432997AF-B76D-42E4-B801-4B7E3F25E929}.Debug|iPhoneSimulator.Build.0 = Debug|Any CPU
		{432997AF-B76D-42E4-B801-4B7E3F25E929}.Debug|iPhoneSimulator.Deploy.0 = Debug|Any CPU
		{432997AF-B76D-42E4-B801-4B7E3F25E929}.Debug|x64.ActiveCfg = Debug|x64
		{432997AF-B76D-42E4-B801-4B7E3F25E929}.Debug|x64.Build.0 = Debug|x64
		{432997AF-B76D-42E4-B801-4B7E3F25E929}.Debug|x64.Deploy.0 = Debug|x64
		{432997AF-B76D-42E4-B801-4B7E3F25E929}.Debug|x86.ActiveCfg = Debug|x86
		{432997AF-B76D-42E4-B801-4B7E3F25E929}.Debug|x86.Build.0 = Debug|x86
		{432997AF-B76D-42E4-B801-4B7E3F25E929}.Debug|x86.Deploy.0 = Debug|x86
		{432997AF-B76D-42E4-B801-4B7E3F25E929}.Release|Any CPU.ActiveCfg = Release|Any CPU
		{432997AF-B76D-42E4-B801-4B7E3F25E929}.Release|Any CPU.Build.0 = Release|Any CPU
		{432997AF-B76D-42E4-B801-4B7E3F25E929}.Release|Any CPU.Deploy.0 = Release|Any CPU
		{432997AF-B76D-42E4-B801-4B7E3F25E929}.Release|ARM.ActiveCfg = Release|ARM
		{432997AF-B76D-42E4-B801-4B7E3F25E929}.Release|ARM.Build.0 = Release|ARM
		{432997AF-B76D-42E4-B801-4B7E3F25E929}.Release|ARM.Deploy.0 = Release|ARM
		{432997AF-B76D-42E4-B801-4B7E3F25E929}.Release|iPhone.ActiveCfg = Release|Any CPU
		{432997AF-B76D-42E4-B801-4B7E3F25E929}.Release|iPhone.Build.0 = Release|Any CPU
		{432997AF-B76D-42E4-B801-4B7E3F25E929}.Release|iPhone.Deploy.0 = Release|Any CPU
		{432997AF-B76D-42E4-B801-4B7E3F25E929}.Release|iPhoneSimulator.ActiveCfg = Release|Any CPU
		{432997AF-B76D-42E4-B801-4B7E3F25E929}.Release|iPhoneSimulator.Build.0 = Release|Any CPU
		{432997AF-B76D-42E4-B801-4B7E3F25E929}.Release|iPhoneSimulator.Deploy.0 = Release|Any CPU
		{432997AF-B76D-42E4-B801-4B7E3F25E929}.Release|x64.ActiveCfg = Release|x64
		{432997AF-B76D-42E4-B801-4B7E3F25E929}.Release|x64.Build.0 = Release|x64
		{432997AF-B76D-42E4-B801-4B7E3F25E929}.Release|x64.Deploy.0 = Release|x64
		{432997AF-B76D-42E4-B801-4B7E3F25E929}.Release|x86.ActiveCfg = Release|x86
		{432997AF-B76D-42E4-B801-4B7E3F25E929}.Release|x86.Build.0 = Release|x86
		{432997AF-B76D-42E4-B801-4B7E3F25E929}.Release|x86.Deploy.0 = Release|x86
	EndGlobalSection
	GlobalSection(SolutionProperties) = preSolution
		HideSolutionNode = FALSE
	EndGlobalSection
EndGlobal
