
Microsoft Visual Studio Solution File, Format Version 12.00
# Visual Studio 14
VisualStudioVersion = 14.0.25420.1
MinimumVisualStudioVersion = 10.0.40219.1
Project("{FAE04EC0-301F-11D3-BF4B-00C04F79EFBC}") = "DemoXaml", "DemoXaml\DemoXaml\DemoXaml.csproj", "{415BAA10-F14D-484E-8F11-EEA50118CE33}"
EndProject
Project("{FAE04EC0-301F-11D3-BF4B-00C04F79EFBC}") = "DemoXaml.Droid", "DemoXaml\DemoXaml.Droid\DemoXaml.Droid.csproj", "{ADFAC742-E25B-427C-BE37-98CC2424F5A5}"
EndProject
Project("{FAE04EC0-301F-11D3-BF4B-00C04F79EFBC}") = "DemoXaml.iOS", "DemoXaml\DemoXaml.iOS\DemoXaml.iOS.csproj", "{CB9330E8-7865-46C3-AFCD-84BDA2BBC038}"
EndProject
Project("{FAE04EC0-301F-11D3-BF4B-00C04F79EFBC}") = "DemoXaml.WinPhone", "DemoXaml\DemoXaml.WinPhone\DemoXaml.WinPhone.csproj", "{4DAA2763-5BCE-424F-825E-F98372BCC784}"
EndProject
Project("{FAE04EC0-301F-11D3-BF4B-00C04F79EFBC}") = "DemoXaml.UWP", "DemoXaml\DemoXaml.UWP\DemoXaml.UWP.csproj", "{3E347B05-CF6A-4692-9325-7A7E1B093D6E}"
EndProject
Project("{FAE04EC0-301F-11D3-BF4B-00C04F79EFBC}") = "DemoXaml.Windows", "DemoXaml\DemoXaml.Windows\DemoXaml.Windows.csproj", "{1C6F0574-2B6D-40C5-908A-5F2CBBEEB262}"
EndProject
Global
	GlobalSection(SolutionConfigurationPlatforms) = preSolution
		Ad-Hoc|Any CPU = Ad-Hoc|Any CPU
		Ad-Hoc|ARM = Ad-Hoc|ARM
		Ad-Hoc|iPhone = Ad-Hoc|iPhone
		Ad-Hoc|iPhoneSimulator = Ad-Hoc|iPhoneSimulator
		Ad-Hoc|x64 = Ad-Hoc|x64
		Ad-Hoc|x86 = Ad-Hoc|x86
		AppStore|Any CPU = AppStore|Any CPU
		AppStore|ARM = AppStore|ARM
		AppStore|iPhone = AppStore|iPhone
		AppStore|iPhoneSimulator = AppStore|iPhoneSimulator
		AppStore|x64 = AppStore|x64
		AppStore|x86 = AppStore|x86
		Debug|Any CPU = Debug|Any CPU
		Debug|ARM = Debug|ARM
		Debug|iPhone = Debug|iPhone
		Debug|iPhoneSimulator = Debug|iPhoneSimulator
		Debug|x64 = Debug|x64
		Debug|x86 = Debug|x86
		Release|Any CPU = Release|Any CPU
		Release|ARM = Release|ARM
		Release|iPhone = Release|iPhone
		Release|iPhoneSimulator = Release|iPhoneSimulator
		Release|x64 = Release|x64
		Release|x86 = Release|x86
	EndGlobalSection
	GlobalSection(ProjectConfigurationPlatforms) = postSolution
		{415BAA10-F14D-484E-8F11-EEA50118CE33}.Ad-Hoc|Any CPU.ActiveCfg = Release|Any CPU
		{415BAA10-F14D-484E-8F11-EEA50118CE33}.Ad-Hoc|Any CPU.Build.0 = Release|Any CPU
		{415BAA10-F14D-484E-8F11-EEA50118CE33}.Ad-Hoc|ARM.ActiveCfg = Release|Any CPU
		{415BAA10-F14D-484E-8F11-EEA50118CE33}.Ad-Hoc|ARM.Build.0 = Release|Any CPU
		{415BAA10-F14D-484E-8F11-EEA50118CE33}.Ad-Hoc|iPhone.ActiveCfg = Release|Any CPU
		{415BAA10-F14D-484E-8F11-EEA50118CE33}.Ad-Hoc|iPhone.Build.0 = Release|Any CPU
		{415BAA10-F14D-484E-8F11-EEA50118CE33}.Ad-Hoc|iPhoneSimulator.ActiveCfg = Release|Any CPU
		{415BAA10-F14D-484E-8F11-EEA50118CE33}.Ad-Hoc|iPhoneSimulator.Build.0 = Release|Any CPU
		{415BAA10-F14D-484E-8F11-EEA50118CE33}.Ad-Hoc|x64.ActiveCfg = Release|Any CPU
		{415BAA10-F14D-484E-8F11-EEA50118CE33}.Ad-Hoc|x64.Build.0 = Release|Any CPU
		{415BAA10-F14D-484E-8F11-EEA50118CE33}.Ad-Hoc|x86.ActiveCfg = Release|Any CPU
		{415BAA10-F14D-484E-8F11-EEA50118CE33}.Ad-Hoc|x86.Build.0 = Release|Any CPU
		{415BAA10-F14D-484E-8F11-EEA50118CE33}.AppStore|Any CPU.ActiveCfg = Release|Any CPU
		{415BAA10-F14D-484E-8F11-EEA50118CE33}.AppStore|Any CPU.Build.0 = Release|Any CPU
		{415BAA10-F14D-484E-8F11-EEA50118CE33}.AppStore|ARM.ActiveCfg = Release|Any CPU
		{415BAA10-F14D-484E-8F11-EEA50118CE33}.AppStore|ARM.Build.0 = Release|Any CPU
		{415BAA10-F14D-484E-8F11-EEA50118CE33}.AppStore|iPhone.ActiveCfg = Release|Any CPU
		{415BAA10-F14D-484E-8F11-EEA50118CE33}.AppStore|iPhone.Build.0 = Release|Any CPU
		{415BAA10-F14D-484E-8F11-EEA50118CE33}.AppStore|iPhoneSimulator.ActiveCfg = Release|Any CPU
		{415BAA10-F14D-484E-8F11-EEA50118CE33}.AppStore|iPhoneSimulator.Build.0 = Release|Any CPU
		{415BAA10-F14D-484E-8F11-EEA50118CE33}.AppStore|x64.ActiveCfg = Release|Any CPU
		{415BAA10-F14D-484E-8F11-EEA50118CE33}.AppStore|x64.Build.0 = Release|Any CPU
		{415BAA10-F14D-484E-8F11-EEA50118CE33}.AppStore|x86.ActiveCfg = Release|Any CPU
		{415BAA10-F14D-484E-8F11-EEA50118CE33}.AppStore|x86.Build.0 = Release|Any CPU
		{415BAA10-F14D-484E-8F11-EEA50118CE33}.Debug|Any CPU.ActiveCfg = Debug|Any CPU
		{415BAA10-F14D-484E-8F11-EEA50118CE33}.Debug|Any CPU.Build.0 = Debug|Any CPU
		{415BAA10-F14D-484E-8F11-EEA50118CE33}.Debug|ARM.ActiveCfg = Debug|Any CPU
		{415BAA10-F14D-484E-8F11-EEA50118CE33}.Debug|ARM.Build.0 = Debug|Any CPU
		{415BAA10-F14D-484E-8F11-EEA50118CE33}.Debug|iPhone.ActiveCfg = Debug|Any CPU
		{415BAA10-F14D-484E-8F11-EEA50118CE33}.Debug|iPhone.Build.0 = Debug|Any CPU
		{415BAA10-F14D-484E-8F11-EEA50118CE33}.Debug|iPhoneSimulator.ActiveCfg = Debug|Any CPU
		{415BAA10-F14D-484E-8F11-EEA50118CE33}.Debug|iPhoneSimulator.Build.0 = Debug|Any CPU
		{415BAA10-F14D-484E-8F11-EEA50118CE33}.Debug|x64.ActiveCfg = Debug|Any CPU
		{415BAA10-F14D-484E-8F11-EEA50118CE33}.Debug|x64.Build.0 = Debug|Any CPU
		{415BAA10-F14D-484E-8F11-EEA50118CE33}.Debug|x86.ActiveCfg = Debug|Any CPU
		{415BAA10-F14D-484E-8F11-EEA50118CE33}.Debug|x86.Build.0 = Debug|Any CPU
		{415BAA10-F14D-484E-8F11-EEA50118CE33}.Release|Any CPU.ActiveCfg = Release|Any CPU
		{415BAA10-F14D-484E-8F11-EEA50118CE33}.Release|Any CPU.Build.0 = Release|Any CPU
		{415BAA10-F14D-484E-8F11-EEA50118CE33}.Release|ARM.ActiveCfg = Release|Any CPU
		{415BAA10-F14D-484E-8F11-EEA50118CE33}.Release|ARM.Build.0 = Release|Any CPU
		{415BAA10-F14D-484E-8F11-EEA50118CE33}.Release|iPhone.ActiveCfg = Release|Any CPU
		{415BAA10-F14D-484E-8F11-EEA50118CE33}.Release|iPhone.Build.0 = Release|Any CPU
		{415BAA10-F14D-484E-8F11-EEA50118CE33}.Release|iPhoneSimulator.ActiveCfg = Release|Any CPU
		{415BAA10-F14D-484E-8F11-EEA50118CE33}.Release|iPhoneSimulator.Build.0 = Release|Any CPU
		{415BAA10-F14D-484E-8F11-EEA50118CE33}.Release|x64.ActiveCfg = Release|Any CPU
		{415BAA10-F14D-484E-8F11-EEA50118CE33}.Release|x64.Build.0 = Release|Any CPU
		{415BAA10-F14D-484E-8F11-EEA50118CE33}.Release|x86.ActiveCfg = Release|Any CPU
		{415BAA10-F14D-484E-8F11-EEA50118CE33}.Release|x86.Build.0 = Release|Any CPU
		{ADFAC742-E25B-427C-BE37-98CC2424F5A5}.Ad-Hoc|Any CPU.ActiveCfg = Release|Any CPU
		{ADFAC742-E25B-427C-BE37-98CC2424F5A5}.Ad-Hoc|Any CPU.Build.0 = Release|Any CPU
		{ADFAC742-E25B-427C-BE37-98CC2424F5A5}.Ad-Hoc|Any CPU.Deploy.0 = Release|Any CPU
		{ADFAC742-E25B-427C-BE37-98CC2424F5A5}.Ad-Hoc|ARM.ActiveCfg = Release|Any CPU
		{ADFAC742-E25B-427C-BE37-98CC2424F5A5}.Ad-Hoc|ARM.Build.0 = Release|Any CPU
		{ADFAC742-E25B-427C-BE37-98CC2424F5A5}.Ad-Hoc|ARM.Deploy.0 = Release|Any CPU
		{ADFAC742-E25B-427C-BE37-98CC2424F5A5}.Ad-Hoc|iPhone.ActiveCfg = Release|Any CPU
		{ADFAC742-E25B-427C-BE37-98CC2424F5A5}.Ad-Hoc|iPhone.Build.0 = Release|Any CPU
		{ADFAC742-E25B-427C-BE37-98CC2424F5A5}.Ad-Hoc|iPhone.Deploy.0 = Release|Any CPU
		{ADFAC742-E25B-427C-BE37-98CC2424F5A5}.Ad-Hoc|iPhoneSimulator.ActiveCfg = Release|Any CPU
		{ADFAC742-E25B-427C-BE37-98CC2424F5A5}.Ad-Hoc|iPhoneSimulator.Build.0 = Release|Any CPU
		{ADFAC742-E25B-427C-BE37-98CC2424F5A5}.Ad-Hoc|iPhoneSimulator.Deploy.0 = Release|Any CPU
		{ADFAC742-E25B-427C-BE37-98CC2424F5A5}.Ad-Hoc|x64.ActiveCfg = Release|Any CPU
		{ADFAC742-E25B-427C-BE37-98CC2424F5A5}.Ad-Hoc|x64.Build.0 = Release|Any CPU
		{ADFAC742-E25B-427C-BE37-98CC2424F5A5}.Ad-Hoc|x64.Deploy.0 = Release|Any CPU
		{ADFAC742-E25B-427C-BE37-98CC2424F5A5}.Ad-Hoc|x86.ActiveCfg = Release|Any CPU
		{ADFAC742-E25B-427C-BE37-98CC2424F5A5}.Ad-Hoc|x86.Build.0 = Release|Any CPU
		{ADFAC742-E25B-427C-BE37-98CC2424F5A5}.Ad-Hoc|x86.Deploy.0 = Release|Any CPU
		{ADFAC742-E25B-427C-BE37-98CC2424F5A5}.AppStore|Any CPU.ActiveCfg = Release|Any CPU
		{ADFAC742-E25B-427C-BE37-98CC2424F5A5}.AppStore|Any CPU.Build.0 = Release|Any CPU
		{ADFAC742-E25B-427C-BE37-98CC2424F5A5}.AppStore|Any CPU.Deploy.0 = Release|Any CPU
		{ADFAC742-E25B-427C-BE37-98CC2424F5A5}.AppStore|ARM.ActiveCfg = Release|Any CPU
		{ADFAC742-E25B-427C-BE37-98CC2424F5A5}.AppStore|ARM.Build.0 = Release|Any CPU
		{ADFAC742-E25B-427C-BE37-98CC2424F5A5}.AppStore|ARM.Deploy.0 = Release|Any CPU
		{ADFAC742-E25B-427C-BE37-98CC2424F5A5}.AppStore|iPhone.ActiveCfg = Release|Any CPU
		{ADFAC742-E25B-427C-BE37-98CC2424F5A5}.AppStore|iPhone.Build.0 = Release|Any CPU
		{ADFAC742-E25B-427C-BE37-98CC2424F5A5}.AppStore|iPhone.Deploy.0 = Release|Any CPU
		{ADFAC742-E25B-427C-BE37-98CC2424F5A5}.AppStore|iPhoneSimulator.ActiveCfg = Release|Any CPU
		{ADFAC742-E25B-427C-BE37-98CC2424F5A5}.AppStore|iPhoneSimulator.Build.0 = Release|Any CPU
		{ADFAC742-E25B-427C-BE37-98CC2424F5A5}.AppStore|iPhoneSimulator.Deploy.0 = Release|Any CPU
		{ADFAC742-E25B-427C-BE37-98CC2424F5A5}.AppStore|x64.ActiveCfg = Release|Any CPU
		{ADFAC742-E25B-427C-BE37-98CC2424F5A5}.AppStore|x64.Build.0 = Release|Any CPU
		{ADFAC742-E25B-427C-BE37-98CC2424F5A5}.AppStore|x64.Deploy.0 = Release|Any CPU
		{ADFAC742-E25B-427C-BE37-98CC2424F5A5}.AppStore|x86.ActiveCfg = Release|Any CPU
		{ADFAC742-E25B-427C-BE37-98CC2424F5A5}.AppStore|x86.Build.0 = Release|Any CPU
		{ADFAC742-E25B-427C-BE37-98CC2424F5A5}.AppStore|x86.Deploy.0 = Release|Any CPU
		{ADFAC742-E25B-427C-BE37-98CC2424F5A5}.Debug|Any CPU.ActiveCfg = Debug|Any CPU
		{ADFAC742-E25B-427C-BE37-98CC2424F5A5}.Debug|Any CPU.Build.0 = Debug|Any CPU
		{ADFAC742-E25B-427C-BE37-98CC2424F5A5}.Debug|Any CPU.Deploy.0 = Debug|Any CPU
		{ADFAC742-E25B-427C-BE37-98CC2424F5A5}.Debug|ARM.ActiveCfg = Debug|Any CPU
		{ADFAC742-E25B-427C-BE37-98CC2424F5A5}.Debug|ARM.Build.0 = Debug|Any CPU
		{ADFAC742-E25B-427C-BE37-98CC2424F5A5}.Debug|ARM.Deploy.0 = Debug|Any CPU
		{ADFAC742-E25B-427C-BE37-98CC2424F5A5}.Debug|iPhone.ActiveCfg = Debug|Any CPU
		{ADFAC742-E25B-427C-BE37-98CC2424F5A5}.Debug|iPhone.Build.0 = Debug|Any CPU
		{ADFAC742-E25B-427C-BE37-98CC2424F5A5}.Debug|iPhone.Deploy.0 = Debug|Any CPU
		{ADFAC742-E25B-427C-BE37-98CC2424F5A5}.Debug|iPhoneSimulator.ActiveCfg = Debug|Any CPU
		{ADFAC742-E25B-427C-BE37-98CC2424F5A5}.Debug|iPhoneSimulator.Build.0 = Debug|Any CPU
		{ADFAC742-E25B-427C-BE37-98CC2424F5A5}.Debug|iPhoneSimulator.Deploy.0 = Debug|Any CPU
		{ADFAC742-E25B-427C-BE37-98CC2424F5A5}.Debug|x64.ActiveCfg = Debug|Any CPU
		{ADFAC742-E25B-427C-BE37-98CC2424F5A5}.Debug|x64.Build.0 = Debug|Any CPU
		{ADFAC742-E25B-427C-BE37-98CC2424F5A5}.Debug|x64.Deploy.0 = Debug|Any CPU
		{ADFAC742-E25B-427C-BE37-98CC2424F5A5}.Debug|x86.ActiveCfg = Debug|Any CPU
		{ADFAC742-E25B-427C-BE37-98CC2424F5A5}.Debug|x86.Build.0 = Debug|Any CPU
		{ADFAC742-E25B-427C-BE37-98CC2424F5A5}.Debug|x86.Deploy.0 = Debug|Any CPU
		{ADFAC742-E25B-427C-BE37-98CC2424F5A5}.Release|Any CPU.ActiveCfg = Release|Any CPU
		{ADFAC742-E25B-427C-BE37-98CC2424F5A5}.Release|Any CPU.Build.0 = Release|Any CPU
		{ADFAC742-E25B-427C-BE37-98CC2424F5A5}.Release|Any CPU.Deploy.0 = Release|Any CPU
		{ADFAC742-E25B-427C-BE37-98CC2424F5A5}.Release|ARM.ActiveCfg = Release|Any CPU
		{ADFAC742-E25B-427C-BE37-98CC2424F5A5}.Release|ARM.Build.0 = Release|Any CPU
		{ADFAC742-E25B-427C-BE37-98CC2424F5A5}.Release|ARM.Deploy.0 = Release|Any CPU
		{ADFAC742-E25B-427C-BE37-98CC2424F5A5}.Release|iPhone.ActiveCfg = Release|Any CPU
		{ADFAC742-E25B-427C-BE37-98CC2424F5A5}.Release|iPhone.Build.0 = Release|Any CPU
		{ADFAC742-E25B-427C-BE37-98CC2424F5A5}.Release|iPhone.Deploy.0 = Release|Any CPU
		{ADFAC742-E25B-427C-BE37-98CC2424F5A5}.Release|iPhoneSimulator.ActiveCfg = Release|Any CPU
		{ADFAC742-E25B-427C-BE37-98CC2424F5A5}.Release|iPhoneSimulator.Build.0 = Release|Any CPU
		{ADFAC742-E25B-427C-BE37-98CC2424F5A5}.Release|iPhoneSimulator.Deploy.0 = Release|Any CPU
		{ADFAC742-E25B-427C-BE37-98CC2424F5A5}.Release|x64.ActiveCfg = Release|Any CPU
		{ADFAC742-E25B-427C-BE37-98CC2424F5A5}.Release|x64.Build.0 = Release|Any CPU
		{ADFAC742-E25B-427C-BE37-98CC2424F5A5}.Release|x64.Deploy.0 = Release|Any CPU
		{ADFAC742-E25B-427C-BE37-98CC2424F5A5}.Release|x86.ActiveCfg = Release|Any CPU
		{ADFAC742-E25B-427C-BE37-98CC2424F5A5}.Release|x86.Build.0 = Release|Any CPU
		{ADFAC742-E25B-427C-BE37-98CC2424F5A5}.Release|x86.Deploy.0 = Release|Any CPU
		{CB9330E8-7865-46C3-AFCD-84BDA2BBC038}.Ad-Hoc|Any CPU.ActiveCfg = Ad-Hoc|iPhone
		{CB9330E8-7865-46C3-AFCD-84BDA2BBC038}.Ad-Hoc|ARM.ActiveCfg = Ad-Hoc|iPhone
		{CB9330E8-7865-46C3-AFCD-84BDA2BBC038}.Ad-Hoc|iPhone.ActiveCfg = Ad-Hoc|iPhone
		{CB9330E8-7865-46C3-AFCD-84BDA2BBC038}.Ad-Hoc|iPhone.Build.0 = Ad-Hoc|iPhone
		{CB9330E8-7865-46C3-AFCD-84BDA2BBC038}.Ad-Hoc|iPhoneSimulator.ActiveCfg = Ad-Hoc|iPhoneSimulator
		{CB9330E8-7865-46C3-AFCD-84BDA2BBC038}.Ad-Hoc|iPhoneSimulator.Build.0 = Ad-Hoc|iPhoneSimulator
		{CB9330E8-7865-46C3-AFCD-84BDA2BBC038}.Ad-Hoc|x64.ActiveCfg = Ad-Hoc|iPhone
		{CB9330E8-7865-46C3-AFCD-84BDA2BBC038}.Ad-Hoc|x86.ActiveCfg = Ad-Hoc|iPhone
		{CB9330E8-7865-46C3-AFCD-84BDA2BBC038}.AppStore|Any CPU.ActiveCfg = AppStore|iPhone
		{CB9330E8-7865-46C3-AFCD-84BDA2BBC038}.AppStore|ARM.ActiveCfg = AppStore|iPhone
		{CB9330E8-7865-46C3-AFCD-84BDA2BBC038}.AppStore|iPhone.ActiveCfg = AppStore|iPhone
		{CB9330E8-7865-46C3-AFCD-84BDA2BBC038}.AppStore|iPhone.Build.0 = AppStore|iPhone
		{CB9330E8-7865-46C3-AFCD-84BDA2BBC038}.AppStore|iPhoneSimulator.ActiveCfg = AppStore|iPhoneSimulator
		{CB9330E8-7865-46C3-AFCD-84BDA2BBC038}.AppStore|iPhoneSimulator.Build.0 = AppStore|iPhoneSimulator
		{CB9330E8-7865-46C3-AFCD-84BDA2BBC038}.AppStore|x64.ActiveCfg = AppStore|iPhone
		{CB9330E8-7865-46C3-AFCD-84BDA2BBC038}.AppStore|x86.ActiveCfg = AppStore|iPhone
		{CB9330E8-7865-46C3-AFCD-84BDA2BBC038}.Debug|Any CPU.ActiveCfg = Debug|iPhone
		{CB9330E8-7865-46C3-AFCD-84BDA2BBC038}.Debug|ARM.ActiveCfg = Debug|iPhone
		{CB9330E8-7865-46C3-AFCD-84BDA2BBC038}.Debug|iPhone.ActiveCfg = Debug|iPhone
		{CB9330E8-7865-46C3-AFCD-84BDA2BBC038}.Debug|iPhone.Build.0 = Debug|iPhone
		{CB9330E8-7865-46C3-AFCD-84BDA2BBC038}.Debug|iPhoneSimulator.ActiveCfg = Debug|iPhoneSimulator
		{CB9330E8-7865-46C3-AFCD-84BDA2BBC038}.Debug|iPhoneSimulator.Build.0 = Debug|iPhoneSimulator
		{CB9330E8-7865-46C3-AFCD-84BDA2BBC038}.Debug|x64.ActiveCfg = Debug|iPhone
		{CB9330E8-7865-46C3-AFCD-84BDA2BBC038}.Debug|x86.ActiveCfg = Debug|iPhone
		{CB9330E8-7865-46C3-AFCD-84BDA2BBC038}.Release|Any CPU.ActiveCfg = Release|iPhone
		{CB9330E8-7865-46C3-AFCD-84BDA2BBC038}.Release|ARM.ActiveCfg = Release|iPhone
		{CB9330E8-7865-46C3-AFCD-84BDA2BBC038}.Release|iPhone.ActiveCfg = Release|iPhone
		{CB9330E8-7865-46C3-AFCD-84BDA2BBC038}.Release|iPhone.Build.0 = Release|iPhone
		{CB9330E8-7865-46C3-AFCD-84BDA2BBC038}.Release|iPhoneSimulator.ActiveCfg = Release|iPhoneSimulator
		{CB9330E8-7865-46C3-AFCD-84BDA2BBC038}.Release|iPhoneSimulator.Build.0 = Release|iPhoneSimulator
		{CB9330E8-7865-46C3-AFCD-84BDA2BBC038}.Release|x64.ActiveCfg = Release|iPhone
		{CB9330E8-7865-46C3-AFCD-84BDA2BBC038}.Release|x86.ActiveCfg = Release|iPhone
		{4DAA2763-5BCE-424F-825E-F98372BCC784}.Ad-Hoc|Any CPU.ActiveCfg = Release|Any CPU
		{4DAA2763-5BCE-424F-825E-F98372BCC784}.Ad-Hoc|Any CPU.Build.0 = Release|Any CPU
		{4DAA2763-5BCE-424F-825E-F98372BCC784}.Ad-Hoc|Any CPU.Deploy.0 = Release|Any CPU
		{4DAA2763-5BCE-424F-825E-F98372BCC784}.Ad-Hoc|ARM.ActiveCfg = Release|ARM
		{4DAA2763-5BCE-424F-825E-F98372BCC784}.Ad-Hoc|ARM.Build.0 = Release|ARM
		{4DAA2763-5BCE-424F-825E-F98372BCC784}.Ad-Hoc|ARM.Deploy.0 = Release|ARM
		{4DAA2763-5BCE-424F-825E-F98372BCC784}.Ad-Hoc|iPhone.ActiveCfg = Release|Any CPU
		{4DAA2763-5BCE-424F-825E-F98372BCC784}.Ad-Hoc|iPhone.Build.0 = Release|Any CPU
		{4DAA2763-5BCE-424F-825E-F98372BCC784}.Ad-Hoc|iPhone.Deploy.0 = Release|Any CPU
		{4DAA2763-5BCE-424F-825E-F98372BCC784}.Ad-Hoc|iPhoneSimulator.ActiveCfg = Release|Any CPU
		{4DAA2763-5BCE-424F-825E-F98372BCC784}.Ad-Hoc|iPhoneSimulator.Build.0 = Release|Any CPU
		{4DAA2763-5BCE-424F-825E-F98372BCC784}.Ad-Hoc|iPhoneSimulator.Deploy.0 = Release|Any CPU
		{4DAA2763-5BCE-424F-825E-F98372BCC784}.Ad-Hoc|x64.ActiveCfg = Release|Any CPU
		{4DAA2763-5BCE-424F-825E-F98372BCC784}.Ad-Hoc|x64.Build.0 = Release|Any CPU
		{4DAA2763-5BCE-424F-825E-F98372BCC784}.Ad-Hoc|x64.Deploy.0 = Release|Any CPU
		{4DAA2763-5BCE-424F-825E-F98372BCC784}.Ad-Hoc|x86.ActiveCfg = Release|x86
		{4DAA2763-5BCE-424F-825E-F98372BCC784}.Ad-Hoc|x86.Build.0 = Release|x86
		{4DAA2763-5BCE-424F-825E-F98372BCC784}.Ad-Hoc|x86.Deploy.0 = Release|x86
		{4DAA2763-5BCE-424F-825E-F98372BCC784}.AppStore|Any CPU.ActiveCfg = Release|Any CPU
		{4DAA2763-5BCE-424F-825E-F98372BCC784}.AppStore|Any CPU.Build.0 = Release|Any CPU
		{4DAA2763-5BCE-424F-825E-F98372BCC784}.AppStore|Any CPU.Deploy.0 = Release|Any CPU
		{4DAA2763-5BCE-424F-825E-F98372BCC784}.AppStore|ARM.ActiveCfg = Release|ARM
		{4DAA2763-5BCE-424F-825E-F98372BCC784}.AppStore|ARM.Build.0 = Release|ARM
		{4DAA2763-5BCE-424F-825E-F98372BCC784}.AppStore|ARM.Deploy.0 = Release|ARM
		{4DAA2763-5BCE-424F-825E-F98372BCC784}.AppStore|iPhone.ActiveCfg = Release|Any CPU
		{4DAA2763-5BCE-424F-825E-F98372BCC784}.AppStore|iPhone.Build.0 = Release|Any CPU
		{4DAA2763-5BCE-424F-825E-F98372BCC784}.AppStore|iPhone.Deploy.0 = Release|Any CPU
		{4DAA2763-5BCE-424F-825E-F98372BCC784}.AppStore|iPhoneSimulator.ActiveCfg = Release|Any CPU
		{4DAA2763-5BCE-424F-825E-F98372BCC784}.AppStore|iPhoneSimulator.Build.0 = Release|Any CPU
		{4DAA2763-5BCE-424F-825E-F98372BCC784}.AppStore|iPhoneSimulator.Deploy.0 = Release|Any CPU
		{4DAA2763-5BCE-424F-825E-F98372BCC784}.AppStore|x64.ActiveCfg = Release|Any CPU
		{4DAA2763-5BCE-424F-825E-F98372BCC784}.AppStore|x64.Build.0 = Release|Any CPU
		{4DAA2763-5BCE-424F-825E-F98372BCC784}.AppStore|x64.Deploy.0 = Release|Any CPU
		{4DAA2763-5BCE-424F-825E-F98372BCC784}.AppStore|x86.ActiveCfg = Release|x86
		{4DAA2763-5BCE-424F-825E-F98372BCC784}.AppStore|x86.Build.0 = Release|x86
		{4DAA2763-5BCE-424F-825E-F98372BCC784}.AppStore|x86.Deploy.0 = Release|x86
		{4DAA2763-5BCE-424F-825E-F98372BCC784}.Debug|Any CPU.ActiveCfg = Debug|Any CPU
		{4DAA2763-5BCE-424F-825E-F98372BCC784}.Debug|Any CPU.Build.0 = Debug|Any CPU
		{4DAA2763-5BCE-424F-825E-F98372BCC784}.Debug|Any CPU.Deploy.0 = Debug|Any CPU
		{4DAA2763-5BCE-424F-825E-F98372BCC784}.Debug|ARM.ActiveCfg = Debug|ARM
		{4DAA2763-5BCE-424F-825E-F98372BCC784}.Debug|ARM.Build.0 = Debug|ARM
		{4DAA2763-5BCE-424F-825E-F98372BCC784}.Debug|ARM.Deploy.0 = Debug|ARM
		{4DAA2763-5BCE-424F-825E-F98372BCC784}.Debug|iPhone.ActiveCfg = Debug|Any CPU
		{4DAA2763-5BCE-424F-825E-F98372BCC784}.Debug|iPhone.Build.0 = Debug|Any CPU
		{4DAA2763-5BCE-424F-825E-F98372BCC784}.Debug|iPhone.Deploy.0 = Debug|Any CPU
		{4DAA2763-5BCE-424F-825E-F98372BCC784}.Debug|iPhoneSimulator.ActiveCfg = Debug|Any CPU
		{4DAA2763-5BCE-424F-825E-F98372BCC784}.Debug|iPhoneSimulator.Build.0 = Debug|Any CPU
		{4DAA2763-5BCE-424F-825E-F98372BCC784}.Debug|iPhoneSimulator.Deploy.0 = Debug|Any CPU
		{4DAA2763-5BCE-424F-825E-F98372BCC784}.Debug|x64.ActiveCfg = Debug|Any CPU
		{4DAA2763-5BCE-424F-825E-F98372BCC784}.Debug|x64.Build.0 = Debug|Any CPU
		{4DAA2763-5BCE-424F-825E-F98372BCC784}.Debug|x64.Deploy.0 = Debug|Any CPU
		{4DAA2763-5BCE-424F-825E-F98372BCC784}.Debug|x86.ActiveCfg = Debug|x86
		{4DAA2763-5BCE-424F-825E-F98372BCC784}.Debug|x86.Build.0 = Debug|x86
		{4DAA2763-5BCE-424F-825E-F98372BCC784}.Debug|x86.Deploy.0 = Debug|x86
		{4DAA2763-5BCE-424F-825E-F98372BCC784}.Release|Any CPU.ActiveCfg = Release|Any CPU
		{4DAA2763-5BCE-424F-825E-F98372BCC784}.Release|Any CPU.Build.0 = Release|Any CPU
		{4DAA2763-5BCE-424F-825E-F98372BCC784}.Release|Any CPU.Deploy.0 = Release|Any CPU
		{4DAA2763-5BCE-424F-825E-F98372BCC784}.Release|ARM.ActiveCfg = Release|ARM
		{4DAA2763-5BCE-424F-825E-F98372BCC784}.Release|ARM.Build.0 = Release|ARM
		{4DAA2763-5BCE-424F-825E-F98372BCC784}.Release|ARM.Deploy.0 = Release|ARM
		{4DAA2763-5BCE-424F-825E-F98372BCC784}.Release|iPhone.ActiveCfg = Release|Any CPU
		{4DAA2763-5BCE-424F-825E-F98372BCC784}.Release|iPhone.Build.0 = Release|Any CPU
		{4DAA2763-5BCE-424F-825E-F98372BCC784}.Release|iPhone.Deploy.0 = Release|Any CPU
		{4DAA2763-5BCE-424F-825E-F98372BCC784}.Release|iPhoneSimulator.ActiveCfg = Release|Any CPU
		{4DAA2763-5BCE-424F-825E-F98372BCC784}.Release|iPhoneSimulator.Build.0 = Release|Any CPU
		{4DAA2763-5BCE-424F-825E-F98372BCC784}.Release|iPhoneSimulator.Deploy.0 = Release|Any CPU
		{4DAA2763-5BCE-424F-825E-F98372BCC784}.Release|x64.ActiveCfg = Release|Any CPU
		{4DAA2763-5BCE-424F-825E-F98372BCC784}.Release|x64.Build.0 = Release|Any CPU
		{4DAA2763-5BCE-424F-825E-F98372BCC784}.Release|x64.Deploy.0 = Release|Any CPU
		{4DAA2763-5BCE-424F-825E-F98372BCC784}.Release|x86.ActiveCfg = Release|x86
		{4DAA2763-5BCE-424F-825E-F98372BCC784}.Release|x86.Build.0 = Release|x86
		{4DAA2763-5BCE-424F-825E-F98372BCC784}.Release|x86.Deploy.0 = Release|x86
		{3E347B05-CF6A-4692-9325-7A7E1B093D6E}.Ad-Hoc|Any CPU.ActiveCfg = Release|x86
		{3E347B05-CF6A-4692-9325-7A7E1B093D6E}.Ad-Hoc|Any CPU.Build.0 = Release|x86
		{3E347B05-CF6A-4692-9325-7A7E1B093D6E}.Ad-Hoc|Any CPU.Deploy.0 = Release|x86
		{3E347B05-CF6A-4692-9325-7A7E1B093D6E}.Ad-Hoc|ARM.ActiveCfg = Release|ARM
		{3E347B05-CF6A-4692-9325-7A7E1B093D6E}.Ad-Hoc|ARM.Build.0 = Release|ARM
		{3E347B05-CF6A-4692-9325-7A7E1B093D6E}.Ad-Hoc|ARM.Deploy.0 = Release|ARM
		{3E347B05-CF6A-4692-9325-7A7E1B093D6E}.Ad-Hoc|iPhone.ActiveCfg = Release|x86
		{3E347B05-CF6A-4692-9325-7A7E1B093D6E}.Ad-Hoc|iPhone.Build.0 = Release|x86
		{3E347B05-CF6A-4692-9325-7A7E1B093D6E}.Ad-Hoc|iPhone.Deploy.0 = Release|x86
		{3E347B05-CF6A-4692-9325-7A7E1B093D6E}.Ad-Hoc|iPhoneSimulator.ActiveCfg = Release|x86
		{3E347B05-CF6A-4692-9325-7A7E1B093D6E}.Ad-Hoc|iPhoneSimulator.Build.0 = Release|x86
		{3E347B05-CF6A-4692-9325-7A7E1B093D6E}.Ad-Hoc|iPhoneSimulator.Deploy.0 = Release|x86
		{3E347B05-CF6A-4692-9325-7A7E1B093D6E}.Ad-Hoc|x64.ActiveCfg = Release|x64
		{3E347B05-CF6A-4692-9325-7A7E1B093D6E}.Ad-Hoc|x64.Build.0 = Release|x64
		{3E347B05-CF6A-4692-9325-7A7E1B093D6E}.Ad-Hoc|x64.Deploy.0 = Release|x64
		{3E347B05-CF6A-4692-9325-7A7E1B093D6E}.Ad-Hoc|x86.ActiveCfg = Release|x86
		{3E347B05-CF6A-4692-9325-7A7E1B093D6E}.Ad-Hoc|x86.Build.0 = Release|x86
		{3E347B05-CF6A-4692-9325-7A7E1B093D6E}.Ad-Hoc|x86.Deploy.0 = Release|x86
		{3E347B05-CF6A-4692-9325-7A7E1B093D6E}.AppStore|Any CPU.ActiveCfg = Release|x86
		{3E347B05-CF6A-4692-9325-7A7E1B093D6E}.AppStore|Any CPU.Build.0 = Release|x86
		{3E347B05-CF6A-4692-9325-7A7E1B093D6E}.AppStore|Any CPU.Deploy.0 = Release|x86
		{3E347B05-CF6A-4692-9325-7A7E1B093D6E}.AppStore|ARM.ActiveCfg = Release|ARM
		{3E347B05-CF6A-4692-9325-7A7E1B093D6E}.AppStore|ARM.Build.0 = Release|ARM
		{3E347B05-CF6A-4692-9325-7A7E1B093D6E}.AppStore|ARM.Deploy.0 = Release|ARM
		{3E347B05-CF6A-4692-9325-7A7E1B093D6E}.AppStore|iPhone.ActiveCfg = Release|x86
		{3E347B05-CF6A-4692-9325-7A7E1B093D6E}.AppStore|iPhone.Build.0 = Release|x86
		{3E347B05-CF6A-4692-9325-7A7E1B093D6E}.AppStore|iPhone.Deploy.0 = Release|x86
		{3E347B05-CF6A-4692-9325-7A7E1B093D6E}.AppStore|iPhoneSimulator.ActiveCfg = Release|x86
		{3E347B05-CF6A-4692-9325-7A7E1B093D6E}.AppStore|iPhoneSimulator.Build.0 = Release|x86
		{3E347B05-CF6A-4692-9325-7A7E1B093D6E}.AppStore|iPhoneSimulator.Deploy.0 = Release|x86
		{3E347B05-CF6A-4692-9325-7A7E1B093D6E}.AppStore|x64.ActiveCfg = Release|x64
		{3E347B05-CF6A-4692-9325-7A7E1B093D6E}.AppStore|x64.Build.0 = Release|x64
		{3E347B05-CF6A-4692-9325-7A7E1B093D6E}.AppStore|x64.Deploy.0 = Release|x64
		{3E347B05-CF6A-4692-9325-7A7E1B093D6E}.AppStore|x86.ActiveCfg = Release|x86
		{3E347B05-CF6A-4692-9325-7A7E1B093D6E}.AppStore|x86.Build.0 = Release|x86
		{3E347B05-CF6A-4692-9325-7A7E1B093D6E}.AppStore|x86.Deploy.0 = Release|x86
		{3E347B05-CF6A-4692-9325-7A7E1B093D6E}.Debug|Any CPU.ActiveCfg = Debug|x86
		{3E347B05-CF6A-4692-9325-7A7E1B093D6E}.Debug|ARM.ActiveCfg = Debug|ARM
		{3E347B05-CF6A-4692-9325-7A7E1B093D6E}.Debug|ARM.Build.0 = Debug|ARM
		{3E347B05-CF6A-4692-9325-7A7E1B093D6E}.Debug|ARM.Deploy.0 = Debug|ARM
		{3E347B05-CF6A-4692-9325-7A7E1B093D6E}.Debug|iPhone.ActiveCfg = Debug|x86
		{3E347B05-CF6A-4692-9325-7A7E1B093D6E}.Debug|iPhoneSimulator.ActiveCfg = Debug|x86
		{3E347B05-CF6A-4692-9325-7A7E1B093D6E}.Debug|x64.ActiveCfg = Debug|x64
		{3E347B05-CF6A-4692-9325-7A7E1B093D6E}.Debug|x64.Build.0 = Debug|x64
		{3E347B05-CF6A-4692-9325-7A7E1B093D6E}.Debug|x64.Deploy.0 = Debug|x64
		{3E347B05-CF6A-4692-9325-7A7E1B093D6E}.Debug|x86.ActiveCfg = Debug|x86
		{3E347B05-CF6A-4692-9325-7A7E1B093D6E}.Debug|x86.Build.0 = Debug|x86
		{3E347B05-CF6A-4692-9325-7A7E1B093D6E}.Debug|x86.Deploy.0 = Debug|x86
		{3E347B05-CF6A-4692-9325-7A7E1B093D6E}.Release|Any CPU.ActiveCfg = Release|x86
		{3E347B05-CF6A-4692-9325-7A7E1B093D6E}.Release|ARM.ActiveCfg = Release|ARM
		{3E347B05-CF6A-4692-9325-7A7E1B093D6E}.Release|ARM.Build.0 = Release|ARM
		{3E347B05-CF6A-4692-9325-7A7E1B093D6E}.Release|ARM.Deploy.0 = Release|ARM
		{3E347B05-CF6A-4692-9325-7A7E1B093D6E}.Release|iPhone.ActiveCfg = Release|x86
		{3E347B05-CF6A-4692-9325-7A7E1B093D6E}.Release|iPhoneSimulator.ActiveCfg = Release|x86
		{3E347B05-CF6A-4692-9325-7A7E1B093D6E}.Release|x64.ActiveCfg = Release|x64
		{3E347B05-CF6A-4692-9325-7A7E1B093D6E}.Release|x64.Build.0 = Release|x64
		{3E347B05-CF6A-4692-9325-7A7E1B093D6E}.Release|x64.Deploy.0 = Release|x64
		{3E347B05-CF6A-4692-9325-7A7E1B093D6E}.Release|x86.ActiveCfg = Release|x86
		{3E347B05-CF6A-4692-9325-7A7E1B093D6E}.Release|x86.Build.0 = Release|x86
		{3E347B05-CF6A-4692-9325-7A7E1B093D6E}.Release|x86.Deploy.0 = Release|x86
		{1C6F0574-2B6D-40C5-908A-5F2CBBEEB262}.Ad-Hoc|Any CPU.ActiveCfg = Release|Any CPU
		{1C6F0574-2B6D-40C5-908A-5F2CBBEEB262}.Ad-Hoc|Any CPU.Build.0 = Release|Any CPU
		{1C6F0574-2B6D-40C5-908A-5F2CBBEEB262}.Ad-Hoc|Any CPU.Deploy.0 = Release|Any CPU
		{1C6F0574-2B6D-40C5-908A-5F2CBBEEB262}.Ad-Hoc|ARM.ActiveCfg = Release|ARM
		{1C6F0574-2B6D-40C5-908A-5F2CBBEEB262}.Ad-Hoc|ARM.Build.0 = Release|ARM
		{1C6F0574-2B6D-40C5-908A-5F2CBBEEB262}.Ad-Hoc|ARM.Deploy.0 = Release|ARM
		{1C6F0574-2B6D-40C5-908A-5F2CBBEEB262}.Ad-Hoc|iPhone.ActiveCfg = Release|Any CPU
		{1C6F0574-2B6D-40C5-908A-5F2CBBEEB262}.Ad-Hoc|iPhone.Build.0 = Release|Any CPU
		{1C6F0574-2B6D-40C5-908A-5F2CBBEEB262}.Ad-Hoc|iPhone.Deploy.0 = Release|Any CPU
		{1C6F0574-2B6D-40C5-908A-5F2CBBEEB262}.Ad-Hoc|iPhoneSimulator.ActiveCfg = Release|Any CPU
		{1C6F0574-2B6D-40C5-908A-5F2CBBEEB262}.Ad-Hoc|iPhoneSimulator.Build.0 = Release|Any CPU
		{1C6F0574-2B6D-40C5-908A-5F2CBBEEB262}.Ad-Hoc|iPhoneSimulator.Deploy.0 = Release|Any CPU
		{1C6F0574-2B6D-40C5-908A-5F2CBBEEB262}.Ad-Hoc|x64.ActiveCfg = Release|x64
		{1C6F0574-2B6D-40C5-908A-5F2CBBEEB262}.Ad-Hoc|x64.Build.0 = Release|x64
		{1C6F0574-2B6D-40C5-908A-5F2CBBEEB262}.Ad-Hoc|x64.Deploy.0 = Release|x64
		{1C6F0574-2B6D-40C5-908A-5F2CBBEEB262}.Ad-Hoc|x86.ActiveCfg = Release|x86
		{1C6F0574-2B6D-40C5-908A-5F2CBBEEB262}.Ad-Hoc|x86.Build.0 = Release|x86
		{1C6F0574-2B6D-40C5-908A-5F2CBBEEB262}.Ad-Hoc|x86.Deploy.0 = Release|x86
		{1C6F0574-2B6D-40C5-908A-5F2CBBEEB262}.AppStore|Any CPU.ActiveCfg = Release|Any CPU
		{1C6F0574-2B6D-40C5-908A-5F2CBBEEB262}.AppStore|Any CPU.Build.0 = Release|Any CPU
		{1C6F0574-2B6D-40C5-908A-5F2CBBEEB262}.AppStore|Any CPU.Deploy.0 = Release|Any CPU
		{1C6F0574-2B6D-40C5-908A-5F2CBBEEB262}.AppStore|ARM.ActiveCfg = Release|ARM
		{1C6F0574-2B6D-40C5-908A-5F2CBBEEB262}.AppStore|ARM.Build.0 = Release|ARM
		{1C6F0574-2B6D-40C5-908A-5F2CBBEEB262}.AppStore|ARM.Deploy.0 = Release|ARM
		{1C6F0574-2B6D-40C5-908A-5F2CBBEEB262}.AppStore|iPhone.ActiveCfg = Release|Any CPU
		{1C6F0574-2B6D-40C5-908A-5F2CBBEEB262}.AppStore|iPhone.Build.0 = Release|Any CPU
		{1C6F0574-2B6D-40C5-908A-5F2CBBEEB262}.AppStore|iPhone.Deploy.0 = Release|Any CPU
		{1C6F0574-2B6D-40C5-908A-5F2CBBEEB262}.AppStore|iPhoneSimulator.ActiveCfg = Release|Any CPU
		{1C6F0574-2B6D-40C5-908A-5F2CBBEEB262}.AppStore|iPhoneSimulator.Build.0 = Release|Any CPU
		{1C6F0574-2B6D-40C5-908A-5F2CBBEEB262}.AppStore|iPhoneSimulator.Deploy.0 = Release|Any CPU
		{1C6F0574-2B6D-40C5-908A-5F2CBBEEB262}.AppStore|x64.ActiveCfg = Release|x64
		{1C6F0574-2B6D-40C5-908A-5F2CBBEEB262}.AppStore|x64.Build.0 = Release|x64
		{1C6F0574-2B6D-40C5-908A-5F2CBBEEB262}.AppStore|x64.Deploy.0 = Release|x64
		{1C6F0574-2B6D-40C5-908A-5F2CBBEEB262}.AppStore|x86.ActiveCfg = Release|x86
		{1C6F0574-2B6D-40C5-908A-5F2CBBEEB262}.AppStore|x86.Build.0 = Release|x86
		{1C6F0574-2B6D-40C5-908A-5F2CBBEEB262}.AppStore|x86.Deploy.0 = Release|x86
		{1C6F0574-2B6D-40C5-908A-5F2CBBEEB262}.Debug|Any CPU.ActiveCfg = Debug|Any CPU
		{1C6F0574-2B6D-40C5-908A-5F2CBBEEB262}.Debug|Any CPU.Build.0 = Debug|Any CPU
		{1C6F0574-2B6D-40C5-908A-5F2CBBEEB262}.Debug|Any CPU.Deploy.0 = Debug|Any CPU
		{1C6F0574-2B6D-40C5-908A-5F2CBBEEB262}.Debug|ARM.ActiveCfg = Debug|ARM
		{1C6F0574-2B6D-40C5-908A-5F2CBBEEB262}.Debug|ARM.Build.0 = Debug|ARM
		{1C6F0574-2B6D-40C5-908A-5F2CBBEEB262}.Debug|ARM.Deploy.0 = Debug|ARM
		{1C6F0574-2B6D-40C5-908A-5F2CBBEEB262}.Debug|iPhone.ActiveCfg = Debug|Any CPU
		{1C6F0574-2B6D-40C5-908A-5F2CBBEEB262}.Debug|iPhone.Build.0 = Debug|Any CPU
		{1C6F0574-2B6D-40C5-908A-5F2CBBEEB262}.Debug|iPhone.Deploy.0 = Debug|Any CPU
		{1C6F0574-2B6D-40C5-908A-5F2CBBEEB262}.Debug|iPhoneSimulator.ActiveCfg = Debug|Any CPU
		{1C6F0574-2B6D-40C5-908A-5F2CBBEEB262}.Debug|iPhoneSimulator.Build.0 = Debug|Any CPU
		{1C6F0574-2B6D-40C5-908A-5F2CBBEEB262}.Debug|iPhoneSimulator.Deploy.0 = Debug|Any CPU
		{1C6F0574-2B6D-40C5-908A-5F2CBBEEB262}.Debug|x64.ActiveCfg = Debug|x64
		{1C6F0574-2B6D-40C5-908A-5F2CBBEEB262}.Debug|x64.Build.0 = Debug|x64
		{1C6F0574-2B6D-40C5-908A-5F2CBBEEB262}.Debug|x64.Deploy.0 = Debug|x64
		{1C6F0574-2B6D-40C5-908A-5F2CBBEEB262}.Debug|x86.ActiveCfg = Debug|x86
		{1C6F0574-2B6D-40C5-908A-5F2CBBEEB262}.Debug|x86.Build.0 = Debug|x86
		{1C6F0574-2B6D-40C5-908A-5F2CBBEEB262}.Debug|x86.Deploy.0 = Debug|x86
		{1C6F0574-2B6D-40C5-908A-5F2CBBEEB262}.Release|Any CPU.ActiveCfg = Release|Any CPU
		{1C6F0574-2B6D-40C5-908A-5F2CBBEEB262}.Release|Any CPU.Build.0 = Release|Any CPU
		{1C6F0574-2B6D-40C5-908A-5F2CBBEEB262}.Release|Any CPU.Deploy.0 = Release|Any CPU
		{1C6F0574-2B6D-40C5-908A-5F2CBBEEB262}.Release|ARM.ActiveCfg = Release|ARM
		{1C6F0574-2B6D-40C5-908A-5F2CBBEEB262}.Release|ARM.Build.0 = Release|ARM
		{1C6F0574-2B6D-40C5-908A-5F2CBBEEB262}.Release|ARM.Deploy.0 = Release|ARM
		{1C6F0574-2B6D-40C5-908A-5F2CBBEEB262}.Release|iPhone.ActiveCfg = Release|Any CPU
		{1C6F0574-2B6D-40C5-908A-5F2CBBEEB262}.Release|iPhone.Build.0 = Release|Any CPU
		{1C6F0574-2B6D-40C5-908A-5F2CBBEEB262}.Release|iPhone.Deploy.0 = Release|Any CPU
		{1C6F0574-2B6D-40C5-908A-5F2CBBEEB262}.Release|iPhoneSimulator.ActiveCfg = Release|Any CPU
		{1C6F0574-2B6D-40C5-908A-5F2CBBEEB262}.Release|iPhoneSimulator.Build.0 = Release|Any CPU
		{1C6F0574-2B6D-40C5-908A-5F2CBBEEB262}.Release|iPhoneSimulator.Deploy.0 = Release|Any CPU
		{1C6F0574-2B6D-40C5-908A-5F2CBBEEB262}.Release|x64.ActiveCfg = Release|x64
		{1C6F0574-2B6D-40C5-908A-5F2CBBEEB262}.Release|x64.Build.0 = Release|x64
		{1C6F0574-2B6D-40C5-908A-5F2CBBEEB262}.Release|x64.Deploy.0 = Release|x64
		{1C6F0574-2B6D-40C5-908A-5F2CBBEEB262}.Release|x86.ActiveCfg = Release|x86
		{1C6F0574-2B6D-40C5-908A-5F2CBBEEB262}.Release|x86.Build.0 = Release|x86
		{1C6F0574-2B6D-40C5-908A-5F2CBBEEB262}.Release|x86.Deploy.0 = Release|x86
	EndGlobalSection
	GlobalSection(SolutionProperties) = preSolution
		HideSolutionNode = FALSE
	EndGlobalSection
EndGlobal
